// !$*UTF8*$!
{
	archiveVersion = 1;
	classes = {
	};
	objectVersion = 55;
	objects = {

/* Begin PBXBuildFile section */
		69C55000291A0C5A00E1CEF7 /* AppDelegate.swift in Sources */ = {isa = PBXBuildFile; fileRef = 69C54FFF291A0C5A00E1CEF7 /* AppDelegate.swift */; };
		69C55002291A0C5A00E1CEF7 /* SceneDelegate.swift in Sources */ = {isa = PBXBuildFile; fileRef = 69C55001291A0C5A00E1CEF7 /* SceneDelegate.swift */; };
		69C55004291A0C5A00E1CEF7 /* ViewController.swift in Sources */ = {isa = PBXBuildFile; fileRef = 69C55003291A0C5A00E1CEF7 /* ViewController.swift */; };
		69C55007291A0C5A00E1CEF7 /* Main.storyboard in Resources */ = {isa = PBXBuildFile; fileRef = 69C55005291A0C5A00E1CEF7 /* Main.storyboard */; };
		69C55009291A0C5D00E1CEF7 /* Assets.xcassets in Resources */ = {isa = PBXBuildFile; fileRef = 69C55008291A0C5D00E1CEF7 /* Assets.xcassets */; };
		69C5500C291A0C5D00E1CEF7 /* LaunchScreen.storyboard in Resources */ = {isa = PBXBuildFile; fileRef = 69C5500A291A0C5D00E1CEF7 /* LaunchScreen.storyboard */; };
		69D14818292C84BD0067D1D9 /* CustomScrollView.swift in Sources */ = {isa = PBXBuildFile; fileRef = 69D14817292C84BD0067D1D9 /* CustomScrollView.swift */; };
		69D6B1A729346502002CF007 /* MalinKundang_Scene10.swift in Sources */ = {isa = PBXBuildFile; fileRef = 69D6B1A629346502002CF007 /* MalinKundang_Scene10.swift */; };
		69D6B1A92934654A002CF007 /* MalinKundang_Scene11.swift in Sources */ = {isa = PBXBuildFile; fileRef = 69D6B1A82934654A002CF007 /* MalinKundang_Scene11.swift */; };
		69EADE882938E346000A31A3 /* MalinKundang_Scene13.swift in Sources */ = {isa = PBXBuildFile; fileRef = 69EADE872938E346000A31A3 /* MalinKundang_Scene13.swift */; };
		69EADE8D293BA3FE000A31A3 /* soundClick.wav in Resources */ = {isa = PBXBuildFile; fileRef = 69EADE8C293BA3FE000A31A3 /* soundClick.wav */; };
		984801EF293E51AE0083DD86 /* chicken.mp3 in Resources */ = {isa = PBXBuildFile; fileRef = 984801EE293E51AE0083DD86 /* chicken.mp3 */; };
		988867622920FD770094AAAF /* MalinKundang_ViewController.swift in Sources */ = {isa = PBXBuildFile; fileRef = 988867612920FD770094AAAF /* MalinKundang_ViewController.swift */; };
		988867642920FDD40094AAAF /* MalinKundang_Scene1.swift in Sources */ = {isa = PBXBuildFile; fileRef = 988867632920FDD40094AAAF /* MalinKundang_Scene1.swift */; };
		988867662920FEA00094AAAF /* MalinKundang_Scene2.swift in Sources */ = {isa = PBXBuildFile; fileRef = 988867652920FEA00094AAAF /* MalinKundang_Scene2.swift */; };
		98886769292107240094AAAF /* MalinKundang_Games1.swift in Sources */ = {isa = PBXBuildFile; fileRef = 98886768292107240094AAAF /* MalinKundang_Games1.swift */; };
		98F3542D29632CD500D77C7F /* HomePage_CustomLayout.swift in Sources */ = {isa = PBXBuildFile; fileRef = 98F3542C29632CD500D77C7F /* HomePage_CustomLayout.swift */; };
		98F8DECF292295D200F8D70E /* CoordinateGames.swift in Sources */ = {isa = PBXBuildFile; fileRef = 98F8DECE292295D200F8D70E /* CoordinateGames.swift */; };
		98F8DED82928981E00F8D70E /* MalinKundang_Tutorial_Games1.swift in Sources */ = {isa = PBXBuildFile; fileRef = 98F8DED72928981E00F8D70E /* MalinKundang_Tutorial_Games1.swift */; };
		98F8DEDD292C7BDF00F8D70E /* MalinKundang_Scene4.swift in Sources */ = {isa = PBXBuildFile; fileRef = 98F8DEDC292C7BDF00F8D70E /* MalinKundang_Scene4.swift */; };
		98F8DEE2292DD77400F8D70E /* MalinKundang_Scene7.swift in Sources */ = {isa = PBXBuildFile; fileRef = 98F8DEE1292DD77400F8D70E /* MalinKundang_Scene7.swift */; };
		98F8DEE5292E8D3600F8D70E /* MalinKundang_Scene8.swift in Sources */ = {isa = PBXBuildFile; fileRef = 98F8DEE4292E8D3600F8D70E /* MalinKundang_Scene8.swift */; };
		98F8DEE8292FA1C200F8D70E /* MalinKundang_Scene9.swift in Sources */ = {isa = PBXBuildFile; fileRef = 98F8DEE7292FA1C200F8D70E /* MalinKundang_Scene9.swift */; };
		98F8DEED2931384800F8D70E /* MalinKundang_Scene12.swift in Sources */ = {isa = PBXBuildFile; fileRef = 98F8DEEC2931384800F8D70E /* MalinKundang_Scene12.swift */; };
		98F8DEF12932202000F8D70E /* MalinKundang_Scene14.swift in Sources */ = {isa = PBXBuildFile; fileRef = 98F8DEF02932202000F8D70E /* MalinKundang_Scene14.swift */; };
		98F8DF29293B4DD300F8D70E /* MalinKundang_Scene15.swift in Sources */ = {isa = PBXBuildFile; fileRef = 98F8DF28293B4DD300F8D70E /* MalinKundang_Scene15.swift */; };
		98F8DF2C293B79DC00F8D70E /* MalinKundang_Scene17.swift in Sources */ = {isa = PBXBuildFile; fileRef = 98F8DF2B293B79DB00F8D70E /* MalinKundang_Scene17.swift */; };
		98F8DF2F293B831200F8D70E /* MalinKundang_Scene18.swift in Sources */ = {isa = PBXBuildFile; fileRef = 98F8DF2E293B831200F8D70E /* MalinKundang_Scene18.swift */; };
		98F8DF32293B848300F8D70E /* MalinKundang_Scene19.swift in Sources */ = {isa = PBXBuildFile; fileRef = 98F8DF31293B848300F8D70E /* MalinKundang_Scene19.swift */; };
		98F8DF35293B9AA700F8D70E /* MalinKundang_AlternateScene15.swift in Sources */ = {isa = PBXBuildFile; fileRef = 98F8DF34293B9AA600F8D70E /* MalinKundang_AlternateScene15.swift */; };
		98F8DF39293CA66F00F8D70E /* wave.mp3 in Resources */ = {isa = PBXBuildFile; fileRef = 98F8DF37293CA66F00F8D70E /* wave.mp3 */; };
		98F8DF5B293D178200F8D70E /* alt 15 1.m4a in Resources */ = {isa = PBXBuildFile; fileRef = 98F8DF3F293D178200F8D70E /* alt 15 1.m4a */; };
		98F8DF5C293D178200F8D70E /* 17 2.m4a in Resources */ = {isa = PBXBuildFile; fileRef = 98F8DF40293D178200F8D70E /* 17 2.m4a */; };
		98F8DF5D293D178200F8D70E /* 15 2.m4a in Resources */ = {isa = PBXBuildFile; fileRef = 98F8DF41293D178200F8D70E /* 15 2.m4a */; };
		98F8DF5E293D178200F8D70E /* alt 17 1.m4a in Resources */ = {isa = PBXBuildFile; fileRef = 98F8DF42293D178200F8D70E /* alt 17 1.m4a */; };
		98F8DF5F293D178200F8D70E /* 17 1.m4a in Resources */ = {isa = PBXBuildFile; fileRef = 98F8DF43293D178200F8D70E /* 17 1.m4a */; };
		98F8DF60293D178200F8D70E /* 11 3.m4a in Resources */ = {isa = PBXBuildFile; fileRef = 98F8DF44293D178200F8D70E /* 11 3.m4a */; };
		98F8DF61293D178200F8D70E /* alt 15 6.m4a in Resources */ = {isa = PBXBuildFile; fileRef = 98F8DF45293D178200F8D70E /* alt 15 6.m4a */; };
		98F8DF62293D178200F8D70E /* 11 2.m4a in Resources */ = {isa = PBXBuildFile; fileRef = 98F8DF46293D178200F8D70E /* 11 2.m4a */; };
		98F8DF63293D178200F8D70E /* 15 6.m4a in Resources */ = {isa = PBXBuildFile; fileRef = 98F8DF47293D178200F8D70E /* 15 6.m4a */; };
		98F8DF64293D178200F8D70E /* 11 1.m4a in Resources */ = {isa = PBXBuildFile; fileRef = 98F8DF48293D178200F8D70E /* 11 1.m4a */; };
		98F8DF65293D178200F8D70E /* 15 5.m4a in Resources */ = {isa = PBXBuildFile; fileRef = 98F8DF49293D178200F8D70E /* 15 5.m4a */; };
		98F8DF66293D178200F8D70E /* 10.m4a in Resources */ = {isa = PBXBuildFile; fileRef = 98F8DF4A293D178200F8D70E /* 10.m4a */; };
		98F8DF67293D178200F8D70E /* 07.m4a in Resources */ = {isa = PBXBuildFile; fileRef = 98F8DF4B293D178200F8D70E /* 07.m4a */; };
		98F8DF68293D178200F8D70E /* 15  1.m4a in Resources */ = {isa = PBXBuildFile; fileRef = 98F8DF4C293D178200F8D70E /* 15  1.m4a */; };
		98F8DF69293D178200F8D70E /* 16.m4a in Resources */ = {isa = PBXBuildFile; fileRef = 98F8DF4D293D178200F8D70E /* 16.m4a */; };
		98F8DF6A293D178200F8D70E /* 12 1.m4a in Resources */ = {isa = PBXBuildFile; fileRef = 98F8DF4E293D178200F8D70E /* 12 1.m4a */; };
		98F8DF6B293D178200F8D70E /* 14.m4a in Resources */ = {isa = PBXBuildFile; fileRef = 98F8DF4F293D178200F8D70E /* 14.m4a */; };
		98F8DF6C293D178200F8D70E /* 18.m4a in Resources */ = {isa = PBXBuildFile; fileRef = 98F8DF50293D178200F8D70E /* 18.m4a */; };
		98F8DF6D293D178200F8D70E /* 01 1.m4a in Resources */ = {isa = PBXBuildFile; fileRef = 98F8DF51293D178200F8D70E /* 01 1.m4a */; };
		98F8DF6E293D178200F8D70E /* 01 2.m4a in Resources */ = {isa = PBXBuildFile; fileRef = 98F8DF52293D178200F8D70E /* 01 2.m4a */; };
		98F8DF6F293D178200F8D70E /* 09.m4a in Resources */ = {isa = PBXBuildFile; fileRef = 98F8DF53293D178200F8D70E /* 09.m4a */; };
		98F8DF70293D178200F8D70E /* 08.m4a in Resources */ = {isa = PBXBuildFile; fileRef = 98F8DF54293D178200F8D70E /* 08.m4a */; };
		98F8DF71293D178200F8D70E /* 04 1.m4a in Resources */ = {isa = PBXBuildFile; fileRef = 98F8DF55293D178200F8D70E /* 04 1.m4a */; };
		98F8DF72293D178200F8D70E /* 04 2.m4a in Resources */ = {isa = PBXBuildFile; fileRef = 98F8DF56293D178200F8D70E /* 04 2.m4a */; };
		98F8DF73293D178200F8D70E /* 02 1.m4a in Resources */ = {isa = PBXBuildFile; fileRef = 98F8DF57293D178200F8D70E /* 02 1.m4a */; };
		98F8DF74293D178200F8D70E /* 19 2.m4a in Resources */ = {isa = PBXBuildFile; fileRef = 98F8DF58293D178200F8D70E /* 19 2.m4a */; };
		98F8DF75293D178200F8D70E /* 02 2.m4a in Resources */ = {isa = PBXBuildFile; fileRef = 98F8DF59293D178200F8D70E /* 02 2.m4a */; };
		98F8DF76293D178200F8D70E /* 19 1.m4a in Resources */ = {isa = PBXBuildFile; fileRef = 98F8DF5A293D178200F8D70E /* 19 1.m4a */; };
		98F8DF78293D270400F8D70E /* rainThunder.mp3 in Resources */ = {isa = PBXBuildFile; fileRef = 98F8DF77293D270400F8D70E /* rainThunder.mp3 */; };
		98F8DF7A293D274200F8D70E /* soundOmbak.wav in Resources */ = {isa = PBXBuildFile; fileRef = 98F8DF79293D274200F8D70E /* soundOmbak.wav */; };
		98F8DF7C293D275900F8D70E /* soundKapalBerangkat.wav in Resources */ = {isa = PBXBuildFile; fileRef = 98F8DF7B293D275900F8D70E /* soundKapalBerangkat.wav */; };
		98F8DF80293D277F00F8D70E /* soundKapalJalan.wav in Resources */ = {isa = PBXBuildFile; fileRef = 98F8DF7F293D277F00F8D70E /* soundKapalJalan.wav */; };
		98F8DF82293D2DF200F8D70E /* soundMalinJadiBatu.mp3 in Resources */ = {isa = PBXBuildFile; fileRef = 98F8DF81293D2DF200F8D70E /* soundMalinJadiBatu.mp3 */; };
		98F8DF88293D425600F8D70E /* MalinKundang_EndingStory.swift in Sources */ = {isa = PBXBuildFile; fileRef = 98F8DF87293D425600F8D70E /* MalinKundang_EndingStory.swift */; };
		98F8DF8A293D42DA00F8D70E /* MalinKundang_PilihKapal.swift in Sources */ = {isa = PBXBuildFile; fileRef = 98F8DF89293D42DA00F8D70E /* MalinKundang_PilihKapal.swift */; };
		98F8DF8D293DE90B00F8D70E /* alt 15 6i.m4a in Resources */ = {isa = PBXBuildFile; fileRef = 98F8DF8B293DE90A00F8D70E /* alt 15 6i.m4a */; };
		98F8DF8E293DE90B00F8D70E /* alt 15 4.m4a in Resources */ = {isa = PBXBuildFile; fileRef = 98F8DF8C293DE90B00F8D70E /* alt 15 4.m4a */; };
		98F8DF94293DE92100F8D70E /* 04 3.m4a in Resources */ = {isa = PBXBuildFile; fileRef = 98F8DF8F293DE92000F8D70E /* 04 3.m4a */; };
		98F8DF95293DE92100F8D70E /* 15 4.m4a in Resources */ = {isa = PBXBuildFile; fileRef = 98F8DF90293DE92000F8D70E /* 15 4.m4a */; };
		98F8DF96293DE92100F8D70E /* 15 3.m4a in Resources */ = {isa = PBXBuildFile; fileRef = 98F8DF91293DE92000F8D70E /* 15 3.m4a */; };
		98F8DF97293DE92100F8D70E /* alt 15 2.m4a in Resources */ = {isa = PBXBuildFile; fileRef = 98F8DF92293DE92000F8D70E /* alt 15 2.m4a */; };
		98F8DF98293DE92100F8D70E /* alt 15 3.m4a in Resources */ = {isa = PBXBuildFile; fileRef = 98F8DF93293DE92000F8D70E /* alt 15 3.m4a */; };
		98F8DF9C293DEE0F00F8D70E /* 15 7.m4a in Resources */ = {isa = PBXBuildFile; fileRef = 98F8DF99293DEE0E00F8D70E /* 15 7.m4a */; };
		98F8DF9D293DEE0F00F8D70E /* alt 15 5.m4a in Resources */ = {isa = PBXBuildFile; fileRef = 98F8DF9A293DEE0F00F8D70E /* alt 15 5.m4a */; };
		98F8DF9E293DEE0F00F8D70E /* alt 17 3.m4a in Resources */ = {isa = PBXBuildFile; fileRef = 98F8DF9B293DEE0F00F8D70E /* alt 17 3.m4a */; };
		98F8DFA0293DEE2300F8D70E /* alt 17 2.m4a in Resources */ = {isa = PBXBuildFile; fileRef = 98F8DF9F293DEE2300F8D70E /* alt 17 2.m4a */; };
		98F8DFA3293E46E700F8D70E /* ikanPuzzle.wav in Resources */ = {isa = PBXBuildFile; fileRef = 98F8DFA1293E46E600F8D70E /* ikanPuzzle.wav */; };
		98F8DFA4293E46E700F8D70E /* labirin.wav in Resources */ = {isa = PBXBuildFile; fileRef = 98F8DFA2293E46E700F8D70E /* labirin.wav */; };
		A0072D96292BCD4F00D32023 /* MalinKundang_Scene6.swift in Sources */ = {isa = PBXBuildFile; fileRef = A0072D95292BCD4E00D32023 /* MalinKundang_Scene6.swift */; };
		A018EA09292773BF00FE7451 /* MalinKundang_Puzzle.swift in Sources */ = {isa = PBXBuildFile; fileRef = A018EA08292773BF00FE7451 /* MalinKundang_Puzzle.swift */; };
		A01B3DB1293B17CC00BBDE24 /* MalinKundang_AlternateScene17.swift in Sources */ = {isa = PBXBuildFile; fileRef = A01B3DB0293B17CC00BBDE24 /* MalinKundang_AlternateScene17.swift */; };
		A01B3DB5293B8DA500BBDE24 /* Model_DataCaraousel.swift in Sources */ = {isa = PBXBuildFile; fileRef = A01B3DB4293B8DA500BBDE24 /* Model_DataCaraousel.swift */; };
		A01B3DB8293B8DFB00BBDE24 /* HomePageViewController.swift in Sources */ = {isa = PBXBuildFile; fileRef = A01B3DB6293B8DFB00BBDE24 /* HomePageViewController.swift */; };
		A01B3DB9293B8DFB00BBDE24 /* HomePageViewController.xib in Resources */ = {isa = PBXBuildFile; fileRef = A01B3DB7293B8DFB00BBDE24 /* HomePageViewController.xib */; };
		A01B3DBC293B8E1500BBDE24 /* HomePageCollectionViewCell.swift in Sources */ = {isa = PBXBuildFile; fileRef = A01B3DBA293B8E1500BBDE24 /* HomePageCollectionViewCell.swift */; };
		A01B3DBD293B8E1500BBDE24 /* HomePageCollectionViewCell.xib in Resources */ = {isa = PBXBuildFile; fileRef = A01B3DBB293B8E1500BBDE24 /* HomePageCollectionViewCell.xib */; };
		A01B3DC2293BB44500BBDE24 /* Model_Sound.swift in Sources */ = {isa = PBXBuildFile; fileRef = A01B3DC1293BB44500BBDE24 /* Model_Sound.swift */; };
		A01C55B52937240700261695 /* SettingsScreen_ViewController.swift in Sources */ = {isa = PBXBuildFile; fileRef = A01C55B32937240700261695 /* SettingsScreen_ViewController.swift */; };
		A01C55BA2937247600261695 /* SettingsScreen_ViewController.xib in Resources */ = {isa = PBXBuildFile; fileRef = A01C55B92937247500261695 /* SettingsScreen_ViewController.xib */; };
		A01E17AD293E40740036DCC1 /* awalGame.wav in Resources */ = {isa = PBXBuildFile; fileRef = A01E17AC293E40740036DCC1 /* awalGame.wav */; };
		A0202800293790D7004694CD /* DetailPageViewController.swift in Sources */ = {isa = PBXBuildFile; fileRef = A02027FE293790D7004694CD /* DetailPageViewController.swift */; };
		A0202801293790D7004694CD /* DetailPageViewController.xib in Resources */ = {isa = PBXBuildFile; fileRef = A02027FF293790D7004694CD /* DetailPageViewController.xib */; };
		A022135C2939046500F40201 /* OnboardingViewController.swift in Sources */ = {isa = PBXBuildFile; fileRef = A022135A2939046500F40201 /* OnboardingViewController.swift */; };
		A022135D2939046500F40201 /* OnboardingViewController.xib in Resources */ = {isa = PBXBuildFile; fileRef = A022135B2939046500F40201 /* OnboardingViewController.xib */; };
		A02774F32939FD40005F1ADF /* OnboardingCollectionViewCell.swift in Sources */ = {isa = PBXBuildFile; fileRef = A02774F12939FD40005F1ADF /* OnboardingCollectionViewCell.swift */; };
		A02774F42939FD40005F1ADF /* OnboardingCollectionViewCell.xib in Resources */ = {isa = PBXBuildFile; fileRef = A02774F22939FD40005F1ADF /* OnboardingCollectionViewCell.xib */; };
		A032E661293E36B500D09724 /* LauchScreenViewController.swift in Sources */ = {isa = PBXBuildFile; fileRef = A032E65F293E36B500D09724 /* LauchScreenViewController.swift */; };
		A032E662293E36B500D09724 /* LauchScreenViewController.xib in Resources */ = {isa = PBXBuildFile; fileRef = A032E660293E36B500D09724 /* LauchScreenViewController.xib */; };
		A07F796D2937C621003954F0 /* MalinKundang_Scene16.swift in Sources */ = {isa = PBXBuildFile; fileRef = A07F796C2937C621003954F0 /* MalinKundang_Scene16.swift */; };
		A08B5DC9291FD06C0021FBAF /* ProfileOnboard_ViewController.swift in Sources */ = {isa = PBXBuildFile; fileRef = A08B5DC7291FD06C0021FBAF /* ProfileOnboard_ViewController.swift */; };
		A08B5DCA291FD06C0021FBAF /* ProfileOnboard_ViewController.xib in Resources */ = {isa = PBXBuildFile; fileRef = A08B5DC8291FD06C0021FBAF /* ProfileOnboard_ViewController.xib */; };
		A0C353BA292A67D30082A071 /* MalinKundang_Puzzle2.swift in Sources */ = {isa = PBXBuildFile; fileRef = A0C353B9292A67D30082A071 /* MalinKundang_Puzzle2.swift */; };
		A0E8B742293C5B1300C0299E /* Nunito-Medium.ttf in Resources */ = {isa = PBXBuildFile; fileRef = A0E8B730293C5B1200C0299E /* Nunito-Medium.ttf */; };
		A0E8B743293C5B1300C0299E /* Nunito-ExtraLight.ttf in Resources */ = {isa = PBXBuildFile; fileRef = A0E8B731293C5B1200C0299E /* Nunito-ExtraLight.ttf */; };
		A0E8B744293C5B1300C0299E /* Nunito-ExtraBold.ttf in Resources */ = {isa = PBXBuildFile; fileRef = A0E8B732293C5B1200C0299E /* Nunito-ExtraBold.ttf */; };
		A0E8B745293C5B1300C0299E /* Nunito-SemiBoldItalic.ttf in Resources */ = {isa = PBXBuildFile; fileRef = A0E8B733293C5B1200C0299E /* Nunito-SemiBoldItalic.ttf */; };
		A0E8B746293C5B1300C0299E /* Nunito-SemiBold.ttf in Resources */ = {isa = PBXBuildFile; fileRef = A0E8B734293C5B1200C0299E /* Nunito-SemiBold.ttf */; };
		A0E8B747293C5B1300C0299E /* Nunito-LightItalic.ttf in Resources */ = {isa = PBXBuildFile; fileRef = A0E8B735293C5B1200C0299E /* Nunito-LightItalic.ttf */; };
		A0E8B748293C5B1300C0299E /* Nunito-Light.ttf in Resources */ = {isa = PBXBuildFile; fileRef = A0E8B736293C5B1200C0299E /* Nunito-Light.ttf */; };
		A0E8B749293C5B1300C0299E /* Nunito-BoldItalic.ttf in Resources */ = {isa = PBXBuildFile; fileRef = A0E8B737293C5B1200C0299E /* Nunito-BoldItalic.ttf */; };
		A0E8B74A293C5B1300C0299E /* Nunito-Regular.ttf in Resources */ = {isa = PBXBuildFile; fileRef = A0E8B738293C5B1200C0299E /* Nunito-Regular.ttf */; };
		A0E8B74B293C5B1300C0299E /* Nunito-ExtraLightItalic.ttf in Resources */ = {isa = PBXBuildFile; fileRef = A0E8B739293C5B1200C0299E /* Nunito-ExtraLightItalic.ttf */; };
		A0E8B74C293C5B1300C0299E /* Nunito-ExtraBoldItalic.ttf in Resources */ = {isa = PBXBuildFile; fileRef = A0E8B73A293C5B1200C0299E /* Nunito-ExtraBoldItalic.ttf */; };
		A0E8B74D293C5B1300C0299E /* Nunito-Italic.ttf in Resources */ = {isa = PBXBuildFile; fileRef = A0E8B73B293C5B1200C0299E /* Nunito-Italic.ttf */; };
		A0E8B74E293C5B1300C0299E /* Nunito-BlackItalic.ttf in Resources */ = {isa = PBXBuildFile; fileRef = A0E8B73C293C5B1200C0299E /* Nunito-BlackItalic.ttf */; };
		A0E8B74F293C5B1300C0299E /* SIL Open Font License.txt in Resources */ = {isa = PBXBuildFile; fileRef = A0E8B73D293C5B1200C0299E /* SIL Open Font License.txt */; };
		A0E8B750293C5B1300C0299E /* Nunito-Black.ttf in Resources */ = {isa = PBXBuildFile; fileRef = A0E8B73E293C5B1200C0299E /* Nunito-Black.ttf */; };
		A0E8B751293C5B1300C0299E /* Nunito-Bold.ttf in Resources */ = {isa = PBXBuildFile; fileRef = A0E8B73F293C5B1200C0299E /* Nunito-Bold.ttf */; };
		A0E8B752293C5B1300C0299E /* NunitoHeavy-Regular.ttf in Resources */ = {isa = PBXBuildFile; fileRef = A0E8B740293C5B1200C0299E /* NunitoHeavy-Regular.ttf */; };
		A0E8B753293C5B1300C0299E /* NunitoHeavy-Italic.ttf in Resources */ = {isa = PBXBuildFile; fileRef = A0E8B741293C5B1300C0299E /* NunitoHeavy-Italic.ttf */; };
		A0E8B758293C665400C0299E /* soundFailed.wav in Resources */ = {isa = PBXBuildFile; fileRef = A0E8B756293C665400C0299E /* soundFailed.wav */; };
		A0E8B759293C665400C0299E /* soundSucces.wav in Resources */ = {isa = PBXBuildFile; fileRef = A0E8B757293C665400C0299E /* soundSucces.wav */; };
		A0E8B75B293CF11C00C0299E /* MalinKundang_PuzzleBesar.swift in Sources */ = {isa = PBXBuildFile; fileRef = A0E8B75A293CF11C00C0299E /* MalinKundang_PuzzleBesar.swift */; };
		A0E8B75D293D30A300C0299E /* ChoicesEnding.swift in Sources */ = {isa = PBXBuildFile; fileRef = A0E8B75C293D30A300C0299E /* ChoicesEnding.swift */; };
/* End PBXBuildFile section */

/* Begin PBXFileReference section */
		69C54FFC291A0C5A00E1CEF7 /* Folka.app */ = {isa = PBXFileReference; explicitFileType = wrapper.application; includeInIndex = 0; path = Folka.app; sourceTree = BUILT_PRODUCTS_DIR; };
		69C54FFF291A0C5A00E1CEF7 /* AppDelegate.swift */ = {isa = PBXFileReference; lastKnownFileType = sourcecode.swift; path = AppDelegate.swift; sourceTree = "<group>"; };
		69C55001291A0C5A00E1CEF7 /* SceneDelegate.swift */ = {isa = PBXFileReference; lastKnownFileType = sourcecode.swift; path = SceneDelegate.swift; sourceTree = "<group>"; };
		69C55003291A0C5A00E1CEF7 /* ViewController.swift */ = {isa = PBXFileReference; lastKnownFileType = sourcecode.swift; path = ViewController.swift; sourceTree = "<group>"; };
		69C55006291A0C5A00E1CEF7 /* Base */ = {isa = PBXFileReference; lastKnownFileType = file.storyboard; name = Base; path = Base.lproj/Main.storyboard; sourceTree = "<group>"; };
		69C55008291A0C5D00E1CEF7 /* Assets.xcassets */ = {isa = PBXFileReference; lastKnownFileType = folder.assetcatalog; path = Assets.xcassets; sourceTree = "<group>"; };
		69C5500B291A0C5D00E1CEF7 /* Base */ = {isa = PBXFileReference; lastKnownFileType = file.storyboard; name = Base; path = Base.lproj/LaunchScreen.storyboard; sourceTree = "<group>"; };
		69C5500D291A0C5D00E1CEF7 /* Info.plist */ = {isa = PBXFileReference; lastKnownFileType = text.plist.xml; path = Info.plist; sourceTree = "<group>"; };
		69C55016291A0D0200E1CEF7 /* DocsModel.md */ = {isa = PBXFileReference; lastKnownFileType = net.daringfireball.markdown; path = DocsModel.md; sourceTree = "<group>"; };
		69C55017291A0D5400E1CEF7 /* DocsView.md */ = {isa = PBXFileReference; lastKnownFileType = net.daringfireball.markdown; path = DocsView.md; sourceTree = "<group>"; };
		69C55018291A0D8500E1CEF7 /* DocsController.md */ = {isa = PBXFileReference; lastKnownFileType = net.daringfireball.markdown; path = DocsController.md; sourceTree = "<group>"; };
		69C55020291A0E9900E1CEF7 /* DocsOnboard.md */ = {isa = PBXFileReference; lastKnownFileType = net.daringfireball.markdown; path = DocsOnboard.md; sourceTree = "<group>"; };
		69C55021291A0EF500E1CEF7 /* DocsLaunch.md */ = {isa = PBXFileReference; lastKnownFileType = net.daringfireball.markdown; path = DocsLaunch.md; sourceTree = "<group>"; };
		69C55022291A0F1B00E1CEF7 /* DocsHome.md */ = {isa = PBXFileReference; lastKnownFileType = net.daringfireball.markdown; path = DocsHome.md; sourceTree = "<group>"; };
		69C55023291A0F4400E1CEF7 /* DocsDetail.md */ = {isa = PBXFileReference; lastKnownFileType = net.daringfireball.markdown; path = DocsDetail.md; sourceTree = "<group>"; };
		69C55024291A0F7F00E1CEF7 /* DocsScene.md */ = {isa = PBXFileReference; lastKnownFileType = net.daringfireball.markdown; path = DocsScene.md; sourceTree = "<group>"; };
		69C55027291A0FCD00E1CEF7 /* DocsSceneDet.md */ = {isa = PBXFileReference; lastKnownFileType = net.daringfireball.markdown; path = DocsSceneDet.md; sourceTree = "<group>"; };
		69D14817292C84BD0067D1D9 /* CustomScrollView.swift */ = {isa = PBXFileReference; lastKnownFileType = sourcecode.swift; path = CustomScrollView.swift; sourceTree = "<group>"; };
		69D6B1A629346502002CF007 /* MalinKundang_Scene10.swift */ = {isa = PBXFileReference; lastKnownFileType = sourcecode.swift; path = MalinKundang_Scene10.swift; sourceTree = "<group>"; };
		69D6B1A82934654A002CF007 /* MalinKundang_Scene11.swift */ = {isa = PBXFileReference; lastKnownFileType = sourcecode.swift; path = MalinKundang_Scene11.swift; sourceTree = "<group>"; };
		69EADE872938E346000A31A3 /* MalinKundang_Scene13.swift */ = {isa = PBXFileReference; lastKnownFileType = sourcecode.swift; path = MalinKundang_Scene13.swift; sourceTree = "<group>"; };
		69EADE8C293BA3FE000A31A3 /* soundClick.wav */ = {isa = PBXFileReference; lastKnownFileType = audio.wav; path = soundClick.wav; sourceTree = "<group>"; };
		984801EE293E51AE0083DD86 /* chicken.mp3 */ = {isa = PBXFileReference; lastKnownFileType = audio.mp3; path = chicken.mp3; sourceTree = "<group>"; };
		988867612920FD770094AAAF /* MalinKundang_ViewController.swift */ = {isa = PBXFileReference; lastKnownFileType = sourcecode.swift; path = MalinKundang_ViewController.swift; sourceTree = "<group>"; };
		988867632920FDD40094AAAF /* MalinKundang_Scene1.swift */ = {isa = PBXFileReference; lastKnownFileType = sourcecode.swift; path = MalinKundang_Scene1.swift; sourceTree = "<group>"; };
		988867652920FEA00094AAAF /* MalinKundang_Scene2.swift */ = {isa = PBXFileReference; lastKnownFileType = sourcecode.swift; path = MalinKundang_Scene2.swift; sourceTree = "<group>"; };
		98886768292107240094AAAF /* MalinKundang_Games1.swift */ = {isa = PBXFileReference; lastKnownFileType = sourcecode.swift; path = MalinKundang_Games1.swift; sourceTree = "<group>"; };
		98F3542C29632CD500D77C7F /* HomePage_CustomLayout.swift */ = {isa = PBXFileReference; lastKnownFileType = sourcecode.swift; path = HomePage_CustomLayout.swift; sourceTree = "<group>"; };
		98F8DECE292295D200F8D70E /* CoordinateGames.swift */ = {isa = PBXFileReference; lastKnownFileType = sourcecode.swift; path = CoordinateGames.swift; sourceTree = "<group>"; };
		98F8DED72928981E00F8D70E /* MalinKundang_Tutorial_Games1.swift */ = {isa = PBXFileReference; lastKnownFileType = sourcecode.swift; path = MalinKundang_Tutorial_Games1.swift; sourceTree = "<group>"; };
		98F8DEDC292C7BDF00F8D70E /* MalinKundang_Scene4.swift */ = {isa = PBXFileReference; lastKnownFileType = sourcecode.swift; path = MalinKundang_Scene4.swift; sourceTree = "<group>"; };
		98F8DEE1292DD77400F8D70E /* MalinKundang_Scene7.swift */ = {isa = PBXFileReference; lastKnownFileType = sourcecode.swift; path = MalinKundang_Scene7.swift; sourceTree = "<group>"; };
		98F8DEE4292E8D3600F8D70E /* MalinKundang_Scene8.swift */ = {isa = PBXFileReference; lastKnownFileType = sourcecode.swift; path = MalinKundang_Scene8.swift; sourceTree = "<group>"; };
		98F8DEE7292FA1C200F8D70E /* MalinKundang_Scene9.swift */ = {isa = PBXFileReference; lastKnownFileType = sourcecode.swift; path = MalinKundang_Scene9.swift; sourceTree = "<group>"; };
		98F8DEEC2931384800F8D70E /* MalinKundang_Scene12.swift */ = {isa = PBXFileReference; lastKnownFileType = sourcecode.swift; path = MalinKundang_Scene12.swift; sourceTree = "<group>"; };
		98F8DEF02932202000F8D70E /* MalinKundang_Scene14.swift */ = {isa = PBXFileReference; lastKnownFileType = sourcecode.swift; path = MalinKundang_Scene14.swift; sourceTree = "<group>"; };
		98F8DF28293B4DD300F8D70E /* MalinKundang_Scene15.swift */ = {isa = PBXFileReference; lastKnownFileType = sourcecode.swift; path = MalinKundang_Scene15.swift; sourceTree = "<group>"; };
		98F8DF2B293B79DB00F8D70E /* MalinKundang_Scene17.swift */ = {isa = PBXFileReference; lastKnownFileType = sourcecode.swift; path = MalinKundang_Scene17.swift; sourceTree = "<group>"; };
		98F8DF2E293B831200F8D70E /* MalinKundang_Scene18.swift */ = {isa = PBXFileReference; lastKnownFileType = sourcecode.swift; path = MalinKundang_Scene18.swift; sourceTree = "<group>"; };
		98F8DF31293B848300F8D70E /* MalinKundang_Scene19.swift */ = {isa = PBXFileReference; lastKnownFileType = sourcecode.swift; path = MalinKundang_Scene19.swift; sourceTree = "<group>"; };
		98F8DF34293B9AA600F8D70E /* MalinKundang_AlternateScene15.swift */ = {isa = PBXFileReference; lastKnownFileType = sourcecode.swift; path = MalinKundang_AlternateScene15.swift; sourceTree = "<group>"; };
		98F8DF37293CA66F00F8D70E /* wave.mp3 */ = {isa = PBXFileReference; lastKnownFileType = audio.mp3; path = wave.mp3; sourceTree = "<group>"; };
		98F8DF3F293D178200F8D70E /* alt 15 1.m4a */ = {isa = PBXFileReference; lastKnownFileType = file; path = "alt 15 1.m4a"; sourceTree = "<group>"; };
		98F8DF40293D178200F8D70E /* 17 2.m4a */ = {isa = PBXFileReference; lastKnownFileType = file; path = "17 2.m4a"; sourceTree = "<group>"; };
		98F8DF41293D178200F8D70E /* 15 2.m4a */ = {isa = PBXFileReference; lastKnownFileType = file; path = "15 2.m4a"; sourceTree = "<group>"; };
		98F8DF42293D178200F8D70E /* alt 17 1.m4a */ = {isa = PBXFileReference; lastKnownFileType = file; path = "alt 17 1.m4a"; sourceTree = "<group>"; };
		98F8DF43293D178200F8D70E /* 17 1.m4a */ = {isa = PBXFileReference; lastKnownFileType = file; path = "17 1.m4a"; sourceTree = "<group>"; };
		98F8DF44293D178200F8D70E /* 11 3.m4a */ = {isa = PBXFileReference; lastKnownFileType = file; path = "11 3.m4a"; sourceTree = "<group>"; };
		98F8DF45293D178200F8D70E /* alt 15 6.m4a */ = {isa = PBXFileReference; lastKnownFileType = file; path = "alt 15 6.m4a"; sourceTree = "<group>"; };
		98F8DF46293D178200F8D70E /* 11 2.m4a */ = {isa = PBXFileReference; lastKnownFileType = file; path = "11 2.m4a"; sourceTree = "<group>"; };
		98F8DF47293D178200F8D70E /* 15 6.m4a */ = {isa = PBXFileReference; lastKnownFileType = file; path = "15 6.m4a"; sourceTree = "<group>"; };
		98F8DF48293D178200F8D70E /* 11 1.m4a */ = {isa = PBXFileReference; lastKnownFileType = file; path = "11 1.m4a"; sourceTree = "<group>"; };
		98F8DF49293D178200F8D70E /* 15 5.m4a */ = {isa = PBXFileReference; lastKnownFileType = file; path = "15 5.m4a"; sourceTree = "<group>"; };
		98F8DF4A293D178200F8D70E /* 10.m4a */ = {isa = PBXFileReference; lastKnownFileType = file; path = 10.m4a; sourceTree = "<group>"; };
		98F8DF4B293D178200F8D70E /* 07.m4a */ = {isa = PBXFileReference; lastKnownFileType = file; path = 07.m4a; sourceTree = "<group>"; };
		98F8DF4C293D178200F8D70E /* 15  1.m4a */ = {isa = PBXFileReference; lastKnownFileType = file; path = "15  1.m4a"; sourceTree = "<group>"; };
		98F8DF4D293D178200F8D70E /* 16.m4a */ = {isa = PBXFileReference; lastKnownFileType = file; path = 16.m4a; sourceTree = "<group>"; };
		98F8DF4E293D178200F8D70E /* 12 1.m4a */ = {isa = PBXFileReference; lastKnownFileType = file; path = "12 1.m4a"; sourceTree = "<group>"; };
		98F8DF4F293D178200F8D70E /* 14.m4a */ = {isa = PBXFileReference; lastKnownFileType = file; path = 14.m4a; sourceTree = "<group>"; };
		98F8DF50293D178200F8D70E /* 18.m4a */ = {isa = PBXFileReference; lastKnownFileType = file; path = 18.m4a; sourceTree = "<group>"; };
		98F8DF51293D178200F8D70E /* 01 1.m4a */ = {isa = PBXFileReference; lastKnownFileType = file; path = "01 1.m4a"; sourceTree = "<group>"; };
		98F8DF52293D178200F8D70E /* 01 2.m4a */ = {isa = PBXFileReference; lastKnownFileType = file; path = "01 2.m4a"; sourceTree = "<group>"; };
		98F8DF53293D178200F8D70E /* 09.m4a */ = {isa = PBXFileReference; lastKnownFileType = file; path = 09.m4a; sourceTree = "<group>"; };
		98F8DF54293D178200F8D70E /* 08.m4a */ = {isa = PBXFileReference; lastKnownFileType = file; path = 08.m4a; sourceTree = "<group>"; };
		98F8DF55293D178200F8D70E /* 04 1.m4a */ = {isa = PBXFileReference; lastKnownFileType = file; path = "04 1.m4a"; sourceTree = "<group>"; };
		98F8DF56293D178200F8D70E /* 04 2.m4a */ = {isa = PBXFileReference; lastKnownFileType = file; path = "04 2.m4a"; sourceTree = "<group>"; };
		98F8DF57293D178200F8D70E /* 02 1.m4a */ = {isa = PBXFileReference; lastKnownFileType = file; path = "02 1.m4a"; sourceTree = "<group>"; };
		98F8DF58293D178200F8D70E /* 19 2.m4a */ = {isa = PBXFileReference; lastKnownFileType = file; path = "19 2.m4a"; sourceTree = "<group>"; };
		98F8DF59293D178200F8D70E /* 02 2.m4a */ = {isa = PBXFileReference; lastKnownFileType = file; path = "02 2.m4a"; sourceTree = "<group>"; };
		98F8DF5A293D178200F8D70E /* 19 1.m4a */ = {isa = PBXFileReference; lastKnownFileType = file; path = "19 1.m4a"; sourceTree = "<group>"; };
		98F8DF77293D270400F8D70E /* rainThunder.mp3 */ = {isa = PBXFileReference; lastKnownFileType = audio.mp3; path = rainThunder.mp3; sourceTree = "<group>"; };
		98F8DF79293D274200F8D70E /* soundOmbak.wav */ = {isa = PBXFileReference; lastKnownFileType = audio.wav; path = soundOmbak.wav; sourceTree = "<group>"; };
		98F8DF7B293D275900F8D70E /* soundKapalBerangkat.wav */ = {isa = PBXFileReference; lastKnownFileType = audio.wav; path = soundKapalBerangkat.wav; sourceTree = "<group>"; };
		98F8DF7F293D277F00F8D70E /* soundKapalJalan.wav */ = {isa = PBXFileReference; lastKnownFileType = audio.wav; path = soundKapalJalan.wav; sourceTree = "<group>"; };
		98F8DF81293D2DF200F8D70E /* soundMalinJadiBatu.mp3 */ = {isa = PBXFileReference; lastKnownFileType = audio.mp3; path = soundMalinJadiBatu.mp3; sourceTree = "<group>"; };
		98F8DF87293D425600F8D70E /* MalinKundang_EndingStory.swift */ = {isa = PBXFileReference; lastKnownFileType = sourcecode.swift; path = MalinKundang_EndingStory.swift; sourceTree = "<group>"; };
		98F8DF89293D42DA00F8D70E /* MalinKundang_PilihKapal.swift */ = {isa = PBXFileReference; lastKnownFileType = sourcecode.swift; path = MalinKundang_PilihKapal.swift; sourceTree = "<group>"; };
		98F8DF8B293DE90A00F8D70E /* alt 15 6i.m4a */ = {isa = PBXFileReference; lastKnownFileType = file; path = "alt 15 6i.m4a"; sourceTree = "<group>"; };
		98F8DF8C293DE90B00F8D70E /* alt 15 4.m4a */ = {isa = PBXFileReference; lastKnownFileType = file; path = "alt 15 4.m4a"; sourceTree = "<group>"; };
		98F8DF8F293DE92000F8D70E /* 04 3.m4a */ = {isa = PBXFileReference; lastKnownFileType = file; path = "04 3.m4a"; sourceTree = "<group>"; };
		98F8DF90293DE92000F8D70E /* 15 4.m4a */ = {isa = PBXFileReference; lastKnownFileType = file; path = "15 4.m4a"; sourceTree = "<group>"; };
		98F8DF91293DE92000F8D70E /* 15 3.m4a */ = {isa = PBXFileReference; lastKnownFileType = file; path = "15 3.m4a"; sourceTree = "<group>"; };
		98F8DF92293DE92000F8D70E /* alt 15 2.m4a */ = {isa = PBXFileReference; lastKnownFileType = file; path = "alt 15 2.m4a"; sourceTree = "<group>"; };
		98F8DF93293DE92000F8D70E /* alt 15 3.m4a */ = {isa = PBXFileReference; lastKnownFileType = file; path = "alt 15 3.m4a"; sourceTree = "<group>"; };
		98F8DF99293DEE0E00F8D70E /* 15 7.m4a */ = {isa = PBXFileReference; lastKnownFileType = file; path = "15 7.m4a"; sourceTree = "<group>"; };
		98F8DF9A293DEE0F00F8D70E /* alt 15 5.m4a */ = {isa = PBXFileReference; lastKnownFileType = file; path = "alt 15 5.m4a"; sourceTree = "<group>"; };
		98F8DF9B293DEE0F00F8D70E /* alt 17 3.m4a */ = {isa = PBXFileReference; lastKnownFileType = file; path = "alt 17 3.m4a"; sourceTree = "<group>"; };
		98F8DF9F293DEE2300F8D70E /* alt 17 2.m4a */ = {isa = PBXFileReference; lastKnownFileType = file; path = "alt 17 2.m4a"; sourceTree = "<group>"; };
		98F8DFA1293E46E600F8D70E /* ikanPuzzle.wav */ = {isa = PBXFileReference; lastKnownFileType = audio.wav; path = ikanPuzzle.wav; sourceTree = "<group>"; };
		98F8DFA2293E46E700F8D70E /* labirin.wav */ = {isa = PBXFileReference; lastKnownFileType = audio.wav; path = labirin.wav; sourceTree = "<group>"; };
		A0072D95292BCD4E00D32023 /* MalinKundang_Scene6.swift */ = {isa = PBXFileReference; lastKnownFileType = sourcecode.swift; path = MalinKundang_Scene6.swift; sourceTree = "<group>"; };
		A018EA08292773BF00FE7451 /* MalinKundang_Puzzle.swift */ = {isa = PBXFileReference; lastKnownFileType = sourcecode.swift; path = MalinKundang_Puzzle.swift; sourceTree = "<group>"; };
		A01B3DB0293B17CC00BBDE24 /* MalinKundang_AlternateScene17.swift */ = {isa = PBXFileReference; lastKnownFileType = sourcecode.swift; path = MalinKundang_AlternateScene17.swift; sourceTree = "<group>"; };
		A01B3DB4293B8DA500BBDE24 /* Model_DataCaraousel.swift */ = {isa = PBXFileReference; lastKnownFileType = sourcecode.swift; path = Model_DataCaraousel.swift; sourceTree = "<group>"; };
		A01B3DB6293B8DFB00BBDE24 /* HomePageViewController.swift */ = {isa = PBXFileReference; lastKnownFileType = sourcecode.swift; path = HomePageViewController.swift; sourceTree = "<group>"; };
		A01B3DB7293B8DFB00BBDE24 /* HomePageViewController.xib */ = {isa = PBXFileReference; lastKnownFileType = file.xib; path = HomePageViewController.xib; sourceTree = "<group>"; };
		A01B3DBA293B8E1500BBDE24 /* HomePageCollectionViewCell.swift */ = {isa = PBXFileReference; lastKnownFileType = sourcecode.swift; path = HomePageCollectionViewCell.swift; sourceTree = "<group>"; };
		A01B3DBB293B8E1500BBDE24 /* HomePageCollectionViewCell.xib */ = {isa = PBXFileReference; lastKnownFileType = file.xib; path = HomePageCollectionViewCell.xib; sourceTree = "<group>"; };
		A01B3DC1293BB44500BBDE24 /* Model_Sound.swift */ = {isa = PBXFileReference; lastKnownFileType = sourcecode.swift; path = Model_Sound.swift; sourceTree = "<group>"; };
		A01C55B32937240700261695 /* SettingsScreen_ViewController.swift */ = {isa = PBXFileReference; lastKnownFileType = sourcecode.swift; path = SettingsScreen_ViewController.swift; sourceTree = "<group>"; };
		A01C55B92937247500261695 /* SettingsScreen_ViewController.xib */ = {isa = PBXFileReference; fileEncoding = 4; lastKnownFileType = file.xib; path = SettingsScreen_ViewController.xib; sourceTree = "<group>"; };
		A01E17AC293E40740036DCC1 /* awalGame.wav */ = {isa = PBXFileReference; lastKnownFileType = audio.wav; path = awalGame.wav; sourceTree = "<group>"; };
		A02027FE293790D7004694CD /* DetailPageViewController.swift */ = {isa = PBXFileReference; lastKnownFileType = sourcecode.swift; path = DetailPageViewController.swift; sourceTree = "<group>"; };
		A02027FF293790D7004694CD /* DetailPageViewController.xib */ = {isa = PBXFileReference; lastKnownFileType = file.xib; path = DetailPageViewController.xib; sourceTree = "<group>"; };
		A022135A2939046500F40201 /* OnboardingViewController.swift */ = {isa = PBXFileReference; lastKnownFileType = sourcecode.swift; path = OnboardingViewController.swift; sourceTree = "<group>"; };
		A022135B2939046500F40201 /* OnboardingViewController.xib */ = {isa = PBXFileReference; lastKnownFileType = file.xib; path = OnboardingViewController.xib; sourceTree = "<group>"; };
		A02774F12939FD40005F1ADF /* OnboardingCollectionViewCell.swift */ = {isa = PBXFileReference; lastKnownFileType = sourcecode.swift; path = OnboardingCollectionViewCell.swift; sourceTree = "<group>"; };
		A02774F22939FD40005F1ADF /* OnboardingCollectionViewCell.xib */ = {isa = PBXFileReference; lastKnownFileType = file.xib; path = OnboardingCollectionViewCell.xib; sourceTree = "<group>"; };
		A032E65F293E36B500D09724 /* LauchScreenViewController.swift */ = {isa = PBXFileReference; lastKnownFileType = sourcecode.swift; path = LauchScreenViewController.swift; sourceTree = "<group>"; };
		A032E660293E36B500D09724 /* LauchScreenViewController.xib */ = {isa = PBXFileReference; lastKnownFileType = file.xib; path = LauchScreenViewController.xib; sourceTree = "<group>"; };
		A07F796C2937C621003954F0 /* MalinKundang_Scene16.swift */ = {isa = PBXFileReference; lastKnownFileType = sourcecode.swift; path = MalinKundang_Scene16.swift; sourceTree = "<group>"; };
		A08B5DC7291FD06C0021FBAF /* ProfileOnboard_ViewController.swift */ = {isa = PBXFileReference; lastKnownFileType = sourcecode.swift; path = ProfileOnboard_ViewController.swift; sourceTree = "<group>"; };
		A08B5DC8291FD06C0021FBAF /* ProfileOnboard_ViewController.xib */ = {isa = PBXFileReference; lastKnownFileType = file.xib; path = ProfileOnboard_ViewController.xib; sourceTree = "<group>"; };
		A0C353B9292A67D30082A071 /* MalinKundang_Puzzle2.swift */ = {isa = PBXFileReference; lastKnownFileType = sourcecode.swift; path = MalinKundang_Puzzle2.swift; sourceTree = "<group>"; };
		A0E8B730293C5B1200C0299E /* Nunito-Medium.ttf */ = {isa = PBXFileReference; lastKnownFileType = file; path = "Nunito-Medium.ttf"; sourceTree = "<group>"; };
		A0E8B731293C5B1200C0299E /* Nunito-ExtraLight.ttf */ = {isa = PBXFileReference; lastKnownFileType = file; path = "Nunito-ExtraLight.ttf"; sourceTree = "<group>"; };
		A0E8B732293C5B1200C0299E /* Nunito-ExtraBold.ttf */ = {isa = PBXFileReference; lastKnownFileType = file; path = "Nunito-ExtraBold.ttf"; sourceTree = "<group>"; };
		A0E8B733293C5B1200C0299E /* Nunito-SemiBoldItalic.ttf */ = {isa = PBXFileReference; lastKnownFileType = file; path = "Nunito-SemiBoldItalic.ttf"; sourceTree = "<group>"; };
		A0E8B734293C5B1200C0299E /* Nunito-SemiBold.ttf */ = {isa = PBXFileReference; lastKnownFileType = file; path = "Nunito-SemiBold.ttf"; sourceTree = "<group>"; };
		A0E8B735293C5B1200C0299E /* Nunito-LightItalic.ttf */ = {isa = PBXFileReference; lastKnownFileType = file; path = "Nunito-LightItalic.ttf"; sourceTree = "<group>"; };
		A0E8B736293C5B1200C0299E /* Nunito-Light.ttf */ = {isa = PBXFileReference; lastKnownFileType = file; path = "Nunito-Light.ttf"; sourceTree = "<group>"; };
		A0E8B737293C5B1200C0299E /* Nunito-BoldItalic.ttf */ = {isa = PBXFileReference; lastKnownFileType = file; path = "Nunito-BoldItalic.ttf"; sourceTree = "<group>"; };
		A0E8B738293C5B1200C0299E /* Nunito-Regular.ttf */ = {isa = PBXFileReference; lastKnownFileType = file; path = "Nunito-Regular.ttf"; sourceTree = "<group>"; };
		A0E8B739293C5B1200C0299E /* Nunito-ExtraLightItalic.ttf */ = {isa = PBXFileReference; lastKnownFileType = file; path = "Nunito-ExtraLightItalic.ttf"; sourceTree = "<group>"; };
		A0E8B73A293C5B1200C0299E /* Nunito-ExtraBoldItalic.ttf */ = {isa = PBXFileReference; lastKnownFileType = file; path = "Nunito-ExtraBoldItalic.ttf"; sourceTree = "<group>"; };
		A0E8B73B293C5B1200C0299E /* Nunito-Italic.ttf */ = {isa = PBXFileReference; lastKnownFileType = file; path = "Nunito-Italic.ttf"; sourceTree = "<group>"; };
		A0E8B73C293C5B1200C0299E /* Nunito-BlackItalic.ttf */ = {isa = PBXFileReference; lastKnownFileType = file; path = "Nunito-BlackItalic.ttf"; sourceTree = "<group>"; };
		A0E8B73D293C5B1200C0299E /* SIL Open Font License.txt */ = {isa = PBXFileReference; fileEncoding = 4; lastKnownFileType = text; path = "SIL Open Font License.txt"; sourceTree = "<group>"; };
		A0E8B73E293C5B1200C0299E /* Nunito-Black.ttf */ = {isa = PBXFileReference; lastKnownFileType = file; path = "Nunito-Black.ttf"; sourceTree = "<group>"; };
		A0E8B73F293C5B1200C0299E /* Nunito-Bold.ttf */ = {isa = PBXFileReference; lastKnownFileType = file; path = "Nunito-Bold.ttf"; sourceTree = "<group>"; };
		A0E8B740293C5B1200C0299E /* NunitoHeavy-Regular.ttf */ = {isa = PBXFileReference; lastKnownFileType = file; path = "NunitoHeavy-Regular.ttf"; sourceTree = "<group>"; };
		A0E8B741293C5B1300C0299E /* NunitoHeavy-Italic.ttf */ = {isa = PBXFileReference; lastKnownFileType = file; path = "NunitoHeavy-Italic.ttf"; sourceTree = "<group>"; };
		A0E8B756293C665400C0299E /* soundFailed.wav */ = {isa = PBXFileReference; lastKnownFileType = audio.wav; path = soundFailed.wav; sourceTree = "<group>"; };
		A0E8B757293C665400C0299E /* soundSucces.wav */ = {isa = PBXFileReference; lastKnownFileType = audio.wav; path = soundSucces.wav; sourceTree = "<group>"; };
		A0E8B75A293CF11C00C0299E /* MalinKundang_PuzzleBesar.swift */ = {isa = PBXFileReference; lastKnownFileType = sourcecode.swift; path = MalinKundang_PuzzleBesar.swift; sourceTree = "<group>"; };
		A0E8B75C293D30A300C0299E /* ChoicesEnding.swift */ = {isa = PBXFileReference; lastKnownFileType = sourcecode.swift; path = ChoicesEnding.swift; sourceTree = "<group>"; };
/* End PBXFileReference section */

/* Begin PBXFrameworksBuildPhase section */
		69C54FF9291A0C5A00E1CEF7 /* Frameworks */ = {
			isa = PBXFrameworksBuildPhase;
			buildActionMask = 2147483647;
			files = (
			);
			runOnlyForDeploymentPostprocessing = 0;
		};
/* End PBXFrameworksBuildPhase section */

/* Begin PBXGroup section */
		69C54FF3291A0C5A00E1CEF7 = {
			isa = PBXGroup;
			children = (
				69C54FFE291A0C5A00E1CEF7 /* Folka */,
				69C54FFD291A0C5A00E1CEF7 /* Products */,
				69D6B1A5293453FE002CF007 /* Recovered References */,
			);
			sourceTree = "<group>";
		};
		69C54FFD291A0C5A00E1CEF7 /* Products */ = {
			isa = PBXGroup;
			children = (
				69C54FFC291A0C5A00E1CEF7 /* Folka.app */,
			);
			name = Products;
			sourceTree = "<group>";
		};
		69C54FFE291A0C5A00E1CEF7 /* Folka */ = {
			isa = PBXGroup;
			children = (
				69EADE89293BA382000A31A3 /* AssetNonImage */,
				69C55015291A0CCC00E1CEF7 /* Controller */,
				69C55014291A0CC700E1CEF7 /* View */,
				69C55013291A0CC100E1CEF7 /* Model */,
				69C54FFF291A0C5A00E1CEF7 /* AppDelegate.swift */,
				69C55001291A0C5A00E1CEF7 /* SceneDelegate.swift */,
				69C55003291A0C5A00E1CEF7 /* ViewController.swift */,
				69C55005291A0C5A00E1CEF7 /* Main.storyboard */,
				69C55008291A0C5D00E1CEF7 /* Assets.xcassets */,
				69C5500A291A0C5D00E1CEF7 /* LaunchScreen.storyboard */,
				69C5500D291A0C5D00E1CEF7 /* Info.plist */,
			);
			path = Folka;
			sourceTree = "<group>";
		};
		69C55013291A0CC100E1CEF7 /* Model */ = {
			isa = PBXGroup;
			children = (
				A01B3DB4293B8DA500BBDE24 /* Model_DataCaraousel.swift */,
				A01B3DC1293BB44500BBDE24 /* Model_Sound.swift */,
				69C55016291A0D0200E1CEF7 /* DocsModel.md */,
			);
			path = Model;
			sourceTree = "<group>";
		};
		69C55014291A0CC700E1CEF7 /* View */ = {
			isa = PBXGroup;
			children = (
				A01B3DBE293BB41D00BBDE24 /* Model */,
				A02213592939043300F40201 /* Onboarding Screen */,
				A01C55AC2937236400261695 /* Settings Screen */,
				69C5501F291A0E7D00E1CEF7 /* DetailSceneStory */,
				69C5501D291A0E5E00E1CEF7 /* DetailPage */,
				69C5501C291A0E5600E1CEF7 /* HomePage */,
				69C5501B291A0E3200E1CEF7 /* LaunchScreen */,
				69C5501A291A0E1100E1CEF7 /* Onboarding */,
				69C55017291A0D5400E1CEF7 /* DocsView.md */,
			);
			path = View;
			sourceTree = "<group>";
		};
		69C55015291A0CCC00E1CEF7 /* Controller */ = {
			isa = PBXGroup;
			children = (
				69C55018291A0D8500E1CEF7 /* DocsController.md */,
			);
			path = Controller;
			sourceTree = "<group>";
		};
		69C5501A291A0E1100E1CEF7 /* Onboarding */ = {
			isa = PBXGroup;
			children = (
				69C55020291A0E9900E1CEF7 /* DocsOnboard.md */,
				A08B5DC7291FD06C0021FBAF /* ProfileOnboard_ViewController.swift */,
				A08B5DC8291FD06C0021FBAF /* ProfileOnboard_ViewController.xib */,
			);
			path = Onboarding;
			sourceTree = "<group>";
		};
		69C5501B291A0E3200E1CEF7 /* LaunchScreen */ = {
			isa = PBXGroup;
			children = (
				69C55021291A0EF500E1CEF7 /* DocsLaunch.md */,
				A032E65F293E36B500D09724 /* LauchScreenViewController.swift */,
				A032E660293E36B500D09724 /* LauchScreenViewController.xib */,
			);
			path = LaunchScreen;
			sourceTree = "<group>";
		};
		69C5501C291A0E5600E1CEF7 /* HomePage */ = {
			isa = PBXGroup;
			children = (
				69C55022291A0F1B00E1CEF7 /* DocsHome.md */,
				A01B3DB6293B8DFB00BBDE24 /* HomePageViewController.swift */,
				A01B3DB7293B8DFB00BBDE24 /* HomePageViewController.xib */,
				A01B3DBA293B8E1500BBDE24 /* HomePageCollectionViewCell.swift */,
				A01B3DBB293B8E1500BBDE24 /* HomePageCollectionViewCell.xib */,
				98F3542C29632CD500D77C7F /* HomePage_CustomLayout.swift */,
			);
			path = HomePage;
			sourceTree = "<group>";
		};
		69C5501D291A0E5E00E1CEF7 /* DetailPage */ = {
			isa = PBXGroup;
			children = (
				69C55023291A0F4400E1CEF7 /* DocsDetail.md */,
				A02027FE293790D7004694CD /* DetailPageViewController.swift */,
				A02027FF293790D7004694CD /* DetailPageViewController.xib */,
			);
			path = DetailPage;
			sourceTree = "<group>";
		};
		69C5501F291A0E7D00E1CEF7 /* DetailSceneStory */ = {
			isa = PBXGroup;
			children = (
				69C55024291A0F7F00E1CEF7 /* DocsScene.md */,
				69C55025291A0F9400E1CEF7 /* MalinKundang */,
			);
			path = DetailSceneStory;
			sourceTree = "<group>";
		};
		69C55025291A0F9400E1CEF7 /* MalinKundang */ = {
			isa = PBXGroup;
			children = (
				A01B3DAD293B162400BBDE24 /* Scene 17 - Alternate */,
				98F8DF33293B9A7100F8D70E /* Scene 15 - Alternate */,
				A0FB0EC5293AFF10007C21A0 /* Ending Scene */,
				98F8DF30293B845C00F8D70E /* Scene 19 */,
				98F8DF2D293B82F200F8D70E /* Scene 18 */,
				98F8DF2A293B79BA00F8D70E /* Scene 17 */,
				A07F796B2937BFD6003954F0 /* Scene 16 */,
				98F8DF27293B4D9B00F8D70E /* Scene 15 */,
				98F8DEEF29321FC600F8D70E /* Scene 14 */,
				69EADE842938E2D3000A31A3 /* Scene 13 - Games 3 */,
				98F8DEEB2931321E00F8D70E /* Scene 12 */,
				98F8DEEA2931321300F8D70E /* Scene 11 */,
				98F8DEE92931320A00F8D70E /* Scene 10 */,
				98F8DEE6292FA1A400F8D70E /* Scene 9 */,
				98F8DEE3292E8D1700F8D70E /* Scene 8 */,
				98F8DEDE292DCB8A00F8D70E /* Scene 7 */,
				A0072D94292BBAA800D32023 /* Scene 6 */,
				A018EA032927694000FE7451 /* Scene 5 - Games 2 */,
				98F8DEDB292C713800F8D70E /* Scene 4 */,
				988867672921066D0094AAAF /* Scene 3 - Games 1 */,
				9888676B292114180094AAAF /* Scene 2 */,
				69C55026291A0FB600E1CEF7 /* Scene 1 */,
				988867612920FD770094AAAF /* MalinKundang_ViewController.swift */,
				69C55027291A0FCD00E1CEF7 /* DocsSceneDet.md */,
			);
			path = MalinKundang;
			sourceTree = "<group>";
		};
		69C55026291A0FB600E1CEF7 /* Scene 1 */ = {
			isa = PBXGroup;
			children = (
				988867632920FDD40094AAAF /* MalinKundang_Scene1.swift */,
			);
			path = "Scene 1";
			sourceTree = "<group>";
		};
		69D6B1A5293453FE002CF007 /* Recovered References */ = {
			isa = PBXGroup;
			children = (
			);
			name = "Recovered References";
			sourceTree = "<group>";
		};
		69EADE842938E2D3000A31A3 /* Scene 13 - Games 3 */ = {
			isa = PBXGroup;
			children = (
				69EADE872938E346000A31A3 /* MalinKundang_Scene13.swift */,
			);
			path = "Scene 13 - Games 3";
			sourceTree = "<group>";
		};
		69EADE89293BA382000A31A3 /* AssetNonImage */ = {
			isa = PBXGroup;
			children = (
				69EADE8A293BA399000A31A3 /* Sound */,
				A01411CF291DFFC7007EDA8E /* Fonts */,
			);
			path = AssetNonImage;
			sourceTree = "<group>";
		};
		69EADE8A293BA399000A31A3 /* Sound */ = {
			isa = PBXGroup;
			children = (
				98F8DF3E293D178200F8D70E /* Dubbing Malin */,
				98F8DF36293CA63B00F8D70E /* Background Music */,
				69EADE8B293BA3D7000A31A3 /* Effect */,
			);
			path = Sound;
			sourceTree = "<group>";
		};
		69EADE8B293BA3D7000A31A3 /* Effect */ = {
			isa = PBXGroup;
			children = (
				98F8DF81293D2DF200F8D70E /* soundMalinJadiBatu.mp3 */,
				98F8DF7F293D277F00F8D70E /* soundKapalJalan.wav */,
				98F8DF7B293D275900F8D70E /* soundKapalBerangkat.wav */,
				A0E8B756293C665400C0299E /* soundFailed.wav */,
				A0E8B757293C665400C0299E /* soundSucces.wav */,
				69EADE8C293BA3FE000A31A3 /* soundClick.wav */,
			);
			path = Effect;
			sourceTree = "<group>";
		};
		988867672921066D0094AAAF /* Scene 3 - Games 1 */ = {
			isa = PBXGroup;
			children = (
				98F8DED72928981E00F8D70E /* MalinKundang_Tutorial_Games1.swift */,
				98886768292107240094AAAF /* MalinKundang_Games1.swift */,
				98F8DECE292295D200F8D70E /* CoordinateGames.swift */,
			);
			path = "Scene 3 - Games 1";
			sourceTree = "<group>";
		};
		9888676B292114180094AAAF /* Scene 2 */ = {
			isa = PBXGroup;
			children = (
				988867652920FEA00094AAAF /* MalinKundang_Scene2.swift */,
			);
			path = "Scene 2";
			sourceTree = "<group>";
		};
		98F8DEDB292C713800F8D70E /* Scene 4 */ = {
			isa = PBXGroup;
			children = (
				98F8DEDC292C7BDF00F8D70E /* MalinKundang_Scene4.swift */,
			);
			path = "Scene 4";
			sourceTree = "<group>";
		};
		98F8DEDE292DCB8A00F8D70E /* Scene 7 */ = {
			isa = PBXGroup;
			children = (
				98F8DEE1292DD77400F8D70E /* MalinKundang_Scene7.swift */,
			);
			path = "Scene 7";
			sourceTree = "<group>";
		};
		98F8DEE3292E8D1700F8D70E /* Scene 8 */ = {
			isa = PBXGroup;
			children = (
				98F8DEE4292E8D3600F8D70E /* MalinKundang_Scene8.swift */,
			);
			path = "Scene 8";
			sourceTree = "<group>";
		};
		98F8DEE6292FA1A400F8D70E /* Scene 9 */ = {
			isa = PBXGroup;
			children = (
				98F8DEE7292FA1C200F8D70E /* MalinKundang_Scene9.swift */,
			);
			path = "Scene 9";
			sourceTree = "<group>";
		};
		98F8DEE92931320A00F8D70E /* Scene 10 */ = {
			isa = PBXGroup;
			children = (
				69D6B1A629346502002CF007 /* MalinKundang_Scene10.swift */,
			);
			path = "Scene 10";
			sourceTree = "<group>";
		};
		98F8DEEA2931321300F8D70E /* Scene 11 */ = {
			isa = PBXGroup;
			children = (
				69D6B1A82934654A002CF007 /* MalinKundang_Scene11.swift */,
			);
			path = "Scene 11";
			sourceTree = "<group>";
		};
		98F8DEEB2931321E00F8D70E /* Scene 12 */ = {
			isa = PBXGroup;
			children = (
				98F8DEEC2931384800F8D70E /* MalinKundang_Scene12.swift */,
			);
			path = "Scene 12";
			sourceTree = "<group>";
		};
		98F8DEEF29321FC600F8D70E /* Scene 14 */ = {
			isa = PBXGroup;
			children = (
				98F8DEF02932202000F8D70E /* MalinKundang_Scene14.swift */,
			);
			path = "Scene 14";
			sourceTree = "<group>";
		};
		98F8DF27293B4D9B00F8D70E /* Scene 15 */ = {
			isa = PBXGroup;
			children = (
				98F8DF28293B4DD300F8D70E /* MalinKundang_Scene15.swift */,
			);
			path = "Scene 15";
			sourceTree = "<group>";
		};
		98F8DF2A293B79BA00F8D70E /* Scene 17 */ = {
			isa = PBXGroup;
			children = (
				98F8DF2B293B79DB00F8D70E /* MalinKundang_Scene17.swift */,
			);
			path = "Scene 17";
			sourceTree = "<group>";
		};
		98F8DF2D293B82F200F8D70E /* Scene 18 */ = {
			isa = PBXGroup;
			children = (
				98F8DF2E293B831200F8D70E /* MalinKundang_Scene18.swift */,
			);
			path = "Scene 18";
			sourceTree = "<group>";
		};
		98F8DF30293B845C00F8D70E /* Scene 19 */ = {
			isa = PBXGroup;
			children = (
				98F8DF31293B848300F8D70E /* MalinKundang_Scene19.swift */,
			);
			path = "Scene 19";
			sourceTree = "<group>";
		};
		98F8DF33293B9A7100F8D70E /* Scene 15 - Alternate */ = {
			isa = PBXGroup;
			children = (
				98F8DF34293B9AA600F8D70E /* MalinKundang_AlternateScene15.swift */,
			);
			path = "Scene 15 - Alternate";
			sourceTree = "<group>";
		};
		98F8DF36293CA63B00F8D70E /* Background Music */ = {
			isa = PBXGroup;
			children = (
				A01E17AC293E40740036DCC1 /* awalGame.wav */,
				984801EE293E51AE0083DD86 /* chicken.mp3 */,
				98F8DFA1293E46E600F8D70E /* ikanPuzzle.wav */,
				98F8DFA2293E46E700F8D70E /* labirin.wav */,
				98F8DF79293D274200F8D70E /* soundOmbak.wav */,
				98F8DF77293D270400F8D70E /* rainThunder.mp3 */,
				98F8DF37293CA66F00F8D70E /* wave.mp3 */,
			);
			path = "Background Music";
			sourceTree = "<group>";
		};
		98F8DF3E293D178200F8D70E /* Dubbing Malin */ = {
			isa = PBXGroup;
			children = (
				98F8DF9F293DEE2300F8D70E /* alt 17 2.m4a */,
				98F8DF99293DEE0E00F8D70E /* 15 7.m4a */,
				98F8DF9A293DEE0F00F8D70E /* alt 15 5.m4a */,
				98F8DF9B293DEE0F00F8D70E /* alt 17 3.m4a */,
				98F8DF8F293DE92000F8D70E /* 04 3.m4a */,
				98F8DF91293DE92000F8D70E /* 15 3.m4a */,
				98F8DF90293DE92000F8D70E /* 15 4.m4a */,
				98F8DF92293DE92000F8D70E /* alt 15 2.m4a */,
				98F8DF93293DE92000F8D70E /* alt 15 3.m4a */,
				98F8DF8C293DE90B00F8D70E /* alt 15 4.m4a */,
				98F8DF8B293DE90A00F8D70E /* alt 15 6i.m4a */,
				98F8DF3F293D178200F8D70E /* alt 15 1.m4a */,
				98F8DF40293D178200F8D70E /* 17 2.m4a */,
				98F8DF41293D178200F8D70E /* 15 2.m4a */,
				98F8DF42293D178200F8D70E /* alt 17 1.m4a */,
				98F8DF43293D178200F8D70E /* 17 1.m4a */,
				98F8DF44293D178200F8D70E /* 11 3.m4a */,
				98F8DF45293D178200F8D70E /* alt 15 6.m4a */,
				98F8DF46293D178200F8D70E /* 11 2.m4a */,
				98F8DF47293D178200F8D70E /* 15 6.m4a */,
				98F8DF48293D178200F8D70E /* 11 1.m4a */,
				98F8DF49293D178200F8D70E /* 15 5.m4a */,
				98F8DF4A293D178200F8D70E /* 10.m4a */,
				98F8DF4B293D178200F8D70E /* 07.m4a */,
				98F8DF4C293D178200F8D70E /* 15  1.m4a */,
				98F8DF4D293D178200F8D70E /* 16.m4a */,
				98F8DF4E293D178200F8D70E /* 12 1.m4a */,
				98F8DF4F293D178200F8D70E /* 14.m4a */,
				98F8DF50293D178200F8D70E /* 18.m4a */,
				98F8DF51293D178200F8D70E /* 01 1.m4a */,
				98F8DF52293D178200F8D70E /* 01 2.m4a */,
				98F8DF53293D178200F8D70E /* 09.m4a */,
				98F8DF54293D178200F8D70E /* 08.m4a */,
				98F8DF55293D178200F8D70E /* 04 1.m4a */,
				98F8DF56293D178200F8D70E /* 04 2.m4a */,
				98F8DF57293D178200F8D70E /* 02 1.m4a */,
				98F8DF58293D178200F8D70E /* 19 2.m4a */,
				98F8DF59293D178200F8D70E /* 02 2.m4a */,
				98F8DF5A293D178200F8D70E /* 19 1.m4a */,
			);
			path = "Dubbing Malin";
			sourceTree = "<group>";
		};
		A0072D94292BBAA800D32023 /* Scene 6 */ = {
			isa = PBXGroup;
			children = (
				A0072D95292BCD4E00D32023 /* MalinKundang_Scene6.swift */,
			);
			path = "Scene 6";
			sourceTree = "<group>";
		};
		A01411CF291DFFC7007EDA8E /* Fonts */ = {
			isa = PBXGroup;
			children = (
				A0E8B73E293C5B1200C0299E /* Nunito-Black.ttf */,
				A0E8B73C293C5B1200C0299E /* Nunito-BlackItalic.ttf */,
				A0E8B73F293C5B1200C0299E /* Nunito-Bold.ttf */,
				A0E8B737293C5B1200C0299E /* Nunito-BoldItalic.ttf */,
				A0E8B732293C5B1200C0299E /* Nunito-ExtraBold.ttf */,
				A0E8B73A293C5B1200C0299E /* Nunito-ExtraBoldItalic.ttf */,
				A0E8B731293C5B1200C0299E /* Nunito-ExtraLight.ttf */,
				A0E8B739293C5B1200C0299E /* Nunito-ExtraLightItalic.ttf */,
				A0E8B73B293C5B1200C0299E /* Nunito-Italic.ttf */,
				A0E8B736293C5B1200C0299E /* Nunito-Light.ttf */,
				A0E8B735293C5B1200C0299E /* Nunito-LightItalic.ttf */,
				A0E8B730293C5B1200C0299E /* Nunito-Medium.ttf */,
				A0E8B738293C5B1200C0299E /* Nunito-Regular.ttf */,
				A0E8B734293C5B1200C0299E /* Nunito-SemiBold.ttf */,
				A0E8B733293C5B1200C0299E /* Nunito-SemiBoldItalic.ttf */,
				A0E8B741293C5B1300C0299E /* NunitoHeavy-Italic.ttf */,
				A0E8B740293C5B1200C0299E /* NunitoHeavy-Regular.ttf */,
				A0E8B73D293C5B1200C0299E /* SIL Open Font License.txt */,
			);
			path = Fonts;
			sourceTree = "<group>";
		};
		A018EA032927694000FE7451 /* Scene 5 - Games 2 */ = {
			isa = PBXGroup;
			children = (
				69D14817292C84BD0067D1D9 /* CustomScrollView.swift */,
				A018EA08292773BF00FE7451 /* MalinKundang_Puzzle.swift */,
				A0C353B9292A67D30082A071 /* MalinKundang_Puzzle2.swift */,
				A0E8B75A293CF11C00C0299E /* MalinKundang_PuzzleBesar.swift */,
				98F8DF89293D42DA00F8D70E /* MalinKundang_PilihKapal.swift */,
			);
			path = "Scene 5 - Games 2";
			sourceTree = "<group>";
		};
		A01B3DAD293B162400BBDE24 /* Scene 17 - Alternate */ = {
			isa = PBXGroup;
			children = (
				A01B3DB0293B17CC00BBDE24 /* MalinKundang_AlternateScene17.swift */,
			);
			path = "Scene 17 - Alternate";
			sourceTree = "<group>";
		};
		A01B3DBE293BB41D00BBDE24 /* Model */ = {
			isa = PBXGroup;
			children = (
			);
			path = Model;
			sourceTree = "<group>";
		};
		A01C55AC2937236400261695 /* Settings Screen */ = {
			isa = PBXGroup;
			children = (
				A01C55B32937240700261695 /* SettingsScreen_ViewController.swift */,
				A01C55B92937247500261695 /* SettingsScreen_ViewController.xib */,
			);
			path = "Settings Screen";
			sourceTree = "<group>";
		};
		A02213592939043300F40201 /* Onboarding Screen */ = {
			isa = PBXGroup;
			children = (
				A022135A2939046500F40201 /* OnboardingViewController.swift */,
				A022135B2939046500F40201 /* OnboardingViewController.xib */,
				A02774F12939FD40005F1ADF /* OnboardingCollectionViewCell.swift */,
				A02774F22939FD40005F1ADF /* OnboardingCollectionViewCell.xib */,
			);
			path = "Onboarding Screen";
			sourceTree = "<group>";
		};
		A07F796B2937BFD6003954F0 /* Scene 16 */ = {
			isa = PBXGroup;
			children = (
				A07F796C2937C621003954F0 /* MalinKundang_Scene16.swift */,
			);
			path = "Scene 16";
			sourceTree = "<group>";
		};
		A0FB0EC5293AFF10007C21A0 /* Ending Scene */ = {
			isa = PBXGroup;
			children = (
				A0E8B75C293D30A300C0299E /* ChoicesEnding.swift */,
				98F8DF87293D425600F8D70E /* MalinKundang_EndingStory.swift */,
			);
			path = "Ending Scene";
			sourceTree = "<group>";
		};
/* End PBXGroup section */

/* Begin PBXNativeTarget section */
		69C54FFB291A0C5A00E1CEF7 /* Folka */ = {
			isa = PBXNativeTarget;
			buildConfigurationList = 69C55010291A0C5D00E1CEF7 /* Build configuration list for PBXNativeTarget "Folka" */;
			buildPhases = (
				69C54FF8291A0C5A00E1CEF7 /* Sources */,
				69C54FF9291A0C5A00E1CEF7 /* Frameworks */,
				69C54FFA291A0C5A00E1CEF7 /* Resources */,
			);
			buildRules = (
			);
			dependencies = (
			);
			name = Folka;
			productName = Folka;
			productReference = 69C54FFC291A0C5A00E1CEF7 /* Folka.app */;
			productType = "com.apple.product-type.application";
		};
/* End PBXNativeTarget section */

/* Begin PBXProject section */
		69C54FF4291A0C5A00E1CEF7 /* Project object */ = {
			isa = PBXProject;
			attributes = {
				BuildIndependentTargetsInParallel = 1;
				LastSwiftUpdateCheck = 1330;
				LastUpgradeCheck = 1330;
				TargetAttributes = {
					69C54FFB291A0C5A00E1CEF7 = {
						CreatedOnToolsVersion = 13.3;
					};
				};
			};
			buildConfigurationList = 69C54FF7291A0C5A00E1CEF7 /* Build configuration list for PBXProject "Folka" */;
			compatibilityVersion = "Xcode 13.0";
			developmentRegion = en;
			hasScannedForEncodings = 0;
			knownRegions = (
				en,
				Base,
			);
			mainGroup = 69C54FF3291A0C5A00E1CEF7;
			productRefGroup = 69C54FFD291A0C5A00E1CEF7 /* Products */;
			projectDirPath = "";
			projectRoot = "";
			targets = (
				69C54FFB291A0C5A00E1CEF7 /* Folka */,
			);
		};
/* End PBXProject section */

/* Begin PBXResourcesBuildPhase section */
		69C54FFA291A0C5A00E1CEF7 /* Resources */ = {
			isa = PBXResourcesBuildPhase;
			buildActionMask = 2147483647;
			files = (
				A01B3DB9293B8DFB00BBDE24 /* HomePageViewController.xib in Resources */,
				98F8DF70293D178200F8D70E /* 08.m4a in Resources */,
				984801EF293E51AE0083DD86 /* chicken.mp3 in Resources */,
				A08B5DCA291FD06C0021FBAF /* ProfileOnboard_ViewController.xib in Resources */,
				A0E8B751293C5B1300C0299E /* Nunito-Bold.ttf in Resources */,
				98F8DF6A293D178200F8D70E /* 12 1.m4a in Resources */,
				98F8DF5C293D178200F8D70E /* 17 2.m4a in Resources */,
				98F8DF6F293D178200F8D70E /* 09.m4a in Resources */,
				98F8DF80293D277F00F8D70E /* soundKapalJalan.wav in Resources */,
				98F8DF60293D178200F8D70E /* 11 3.m4a in Resources */,
				69C5500C291A0C5D00E1CEF7 /* LaunchScreen.storyboard in Resources */,
				98F8DF66293D178200F8D70E /* 10.m4a in Resources */,
				A0E8B759293C665400C0299E /* soundSucces.wav in Resources */,
				A0E8B744293C5B1300C0299E /* Nunito-ExtraBold.ttf in Resources */,
				98F8DF39293CA66F00F8D70E /* wave.mp3 in Resources */,
				98F8DF72293D178200F8D70E /* 04 2.m4a in Resources */,
				A0E8B748293C5B1300C0299E /* Nunito-Light.ttf in Resources */,
				A0E8B747293C5B1300C0299E /* Nunito-LightItalic.ttf in Resources */,
				A0E8B74B293C5B1300C0299E /* Nunito-ExtraLightItalic.ttf in Resources */,
				98F8DF78293D270400F8D70E /* rainThunder.mp3 in Resources */,
				98F8DF73293D178200F8D70E /* 02 1.m4a in Resources */,
				98F8DF5F293D178200F8D70E /* 17 1.m4a in Resources */,
				A0E8B753293C5B1300C0299E /* NunitoHeavy-Italic.ttf in Resources */,
				98F8DF94293DE92100F8D70E /* 04 3.m4a in Resources */,
				A01E17AD293E40740036DCC1 /* awalGame.wav in Resources */,
				98F8DFA3293E46E700F8D70E /* ikanPuzzle.wav in Resources */,
				98F8DF69293D178200F8D70E /* 16.m4a in Resources */,
				98F8DF68293D178200F8D70E /* 15  1.m4a in Resources */,
				98F8DF6E293D178200F8D70E /* 01 2.m4a in Resources */,
				98F8DF95293DE92100F8D70E /* 15 4.m4a in Resources */,
				A0E8B74E293C5B1300C0299E /* Nunito-BlackItalic.ttf in Resources */,
				98F8DF96293DE92100F8D70E /* 15 3.m4a in Resources */,
				98F8DF65293D178200F8D70E /* 15 5.m4a in Resources */,
				98F8DF8E293DE90B00F8D70E /* alt 15 4.m4a in Resources */,
				98F8DF5D293D178200F8D70E /* 15 2.m4a in Resources */,
				A0E8B746293C5B1300C0299E /* Nunito-SemiBold.ttf in Resources */,
				A022135D2939046500F40201 /* OnboardingViewController.xib in Resources */,
				A0E8B752293C5B1300C0299E /* NunitoHeavy-Regular.ttf in Resources */,
				A0E8B750293C5B1300C0299E /* Nunito-Black.ttf in Resources */,
				A01C55BA2937247600261695 /* SettingsScreen_ViewController.xib in Resources */,
				69C55009291A0C5D00E1CEF7 /* Assets.xcassets in Resources */,
				98F8DF9E293DEE0F00F8D70E /* alt 17 3.m4a in Resources */,
				98F8DF6B293D178200F8D70E /* 14.m4a in Resources */,
				98F8DF6C293D178200F8D70E /* 18.m4a in Resources */,
				98F8DF75293D178200F8D70E /* 02 2.m4a in Resources */,
				69C55007291A0C5A00E1CEF7 /* Main.storyboard in Resources */,
				98F8DF5E293D178200F8D70E /* alt 17 1.m4a in Resources */,
				98F8DF97293DE92100F8D70E /* alt 15 2.m4a in Resources */,
				98F8DF64293D178200F8D70E /* 11 1.m4a in Resources */,
				A0E8B742293C5B1300C0299E /* Nunito-Medium.ttf in Resources */,
				98F8DF98293DE92100F8D70E /* alt 15 3.m4a in Resources */,
				98F8DF67293D178200F8D70E /* 07.m4a in Resources */,
				98F8DF7A293D274200F8D70E /* soundOmbak.wav in Resources */,
				98F8DF5B293D178200F8D70E /* alt 15 1.m4a in Resources */,
				A0E8B74F293C5B1300C0299E /* SIL Open Font License.txt in Resources */,
				A0E8B749293C5B1300C0299E /* Nunito-BoldItalic.ttf in Resources */,
				98F8DF71293D178200F8D70E /* 04 1.m4a in Resources */,
				98F8DF6D293D178200F8D70E /* 01 1.m4a in Resources */,
				98F8DFA0293DEE2300F8D70E /* alt 17 2.m4a in Resources */,
				A0202801293790D7004694CD /* DetailPageViewController.xib in Resources */,
				A032E662293E36B500D09724 /* LauchScreenViewController.xib in Resources */,
				A0E8B745293C5B1300C0299E /* Nunito-SemiBoldItalic.ttf in Resources */,
				98F8DF62293D178200F8D70E /* 11 2.m4a in Resources */,
				98F8DF8D293DE90B00F8D70E /* alt 15 6i.m4a in Resources */,
				A01B3DBD293B8E1500BBDE24 /* HomePageCollectionViewCell.xib in Resources */,
				98F8DF76293D178200F8D70E /* 19 1.m4a in Resources */,
				98F8DF9C293DEE0F00F8D70E /* 15 7.m4a in Resources */,
				98F8DF82293D2DF200F8D70E /* soundMalinJadiBatu.mp3 in Resources */,
				98F8DF74293D178200F8D70E /* 19 2.m4a in Resources */,
				A0E8B74D293C5B1300C0299E /* Nunito-Italic.ttf in Resources */,
				98F8DFA4293E46E700F8D70E /* labirin.wav in Resources */,
				A0E8B758293C665400C0299E /* soundFailed.wav in Resources */,
				A0E8B74A293C5B1300C0299E /* Nunito-Regular.ttf in Resources */,
				69EADE8D293BA3FE000A31A3 /* soundClick.wav in Resources */,
				A0E8B74C293C5B1300C0299E /* Nunito-ExtraBoldItalic.ttf in Resources */,
				98F8DF61293D178200F8D70E /* alt 15 6.m4a in Resources */,
				98F8DF9D293DEE0F00F8D70E /* alt 15 5.m4a in Resources */,
				A0E8B743293C5B1300C0299E /* Nunito-ExtraLight.ttf in Resources */,
				A02774F42939FD40005F1ADF /* OnboardingCollectionViewCell.xib in Resources */,
				98F8DF7C293D275900F8D70E /* soundKapalBerangkat.wav in Resources */,
				98F8DF63293D178200F8D70E /* 15 6.m4a in Resources */,
			);
			runOnlyForDeploymentPostprocessing = 0;
		};
/* End PBXResourcesBuildPhase section */

/* Begin PBXSourcesBuildPhase section */
		69C54FF8291A0C5A00E1CEF7 /* Sources */ = {
			isa = PBXSourcesBuildPhase;
			buildActionMask = 2147483647;
			files = (
				A01B3DBC293B8E1500BBDE24 /* HomePageCollectionViewCell.swift in Sources */,
				69EADE882938E346000A31A3 /* MalinKundang_Scene13.swift in Sources */,
				98F8DF29293B4DD300F8D70E /* MalinKundang_Scene15.swift in Sources */,
				A0E8B75B293CF11C00C0299E /* MalinKundang_PuzzleBesar.swift in Sources */,
				A0E8B75D293D30A300C0299E /* ChoicesEnding.swift in Sources */,
				98886769292107240094AAAF /* MalinKundang_Games1.swift in Sources */,
				69D14818292C84BD0067D1D9 /* CustomScrollView.swift in Sources */,
				A01B3DB1293B17CC00BBDE24 /* MalinKundang_AlternateScene17.swift in Sources */,
				98F8DEE2292DD77400F8D70E /* MalinKundang_Scene7.swift in Sources */,
				A032E661293E36B500D09724 /* LauchScreenViewController.swift in Sources */,
				A01C55B52937240700261695 /* SettingsScreen_ViewController.swift in Sources */,
				A01B3DB8293B8DFB00BBDE24 /* HomePageViewController.swift in Sources */,
				A08B5DC9291FD06C0021FBAF /* ProfileOnboard_ViewController.swift in Sources */,
				A02774F32939FD40005F1ADF /* OnboardingCollectionViewCell.swift in Sources */,
				98F8DF2C293B79DC00F8D70E /* MalinKundang_Scene17.swift in Sources */,
				A01B3DC2293BB44500BBDE24 /* Model_Sound.swift in Sources */,
				98F3542D29632CD500D77C7F /* HomePage_CustomLayout.swift in Sources */,
				98F8DED82928981E00F8D70E /* MalinKundang_Tutorial_Games1.swift in Sources */,
				98F8DF8A293D42DA00F8D70E /* MalinKundang_PilihKapal.swift in Sources */,
				A0202800293790D7004694CD /* DetailPageViewController.swift in Sources */,
				69D6B1A92934654A002CF007 /* MalinKundang_Scene11.swift in Sources */,
				98F8DEE5292E8D3600F8D70E /* MalinKundang_Scene8.swift in Sources */,
				69C55004291A0C5A00E1CEF7 /* ViewController.swift in Sources */,
				98F8DEED2931384800F8D70E /* MalinKundang_Scene12.swift in Sources */,
				988867662920FEA00094AAAF /* MalinKundang_Scene2.swift in Sources */,
				A018EA09292773BF00FE7451 /* MalinKundang_Puzzle.swift in Sources */,
				98F8DEE8292FA1C200F8D70E /* MalinKundang_Scene9.swift in Sources */,
				A0072D96292BCD4F00D32023 /* MalinKundang_Scene6.swift in Sources */,
				98F8DF32293B848300F8D70E /* MalinKundang_Scene19.swift in Sources */,
				988867622920FD770094AAAF /* MalinKundang_ViewController.swift in Sources */,
				69C55000291A0C5A00E1CEF7 /* AppDelegate.swift in Sources */,
				A022135C2939046500F40201 /* OnboardingViewController.swift in Sources */,
				69D6B1A729346502002CF007 /* MalinKundang_Scene10.swift in Sources */,
				98F8DF2F293B831200F8D70E /* MalinKundang_Scene18.swift in Sources */,
				988867642920FDD40094AAAF /* MalinKundang_Scene1.swift in Sources */,
				A0C353BA292A67D30082A071 /* MalinKundang_Puzzle2.swift in Sources */,
				98F8DECF292295D200F8D70E /* CoordinateGames.swift in Sources */,
				98F8DEF12932202000F8D70E /* MalinKundang_Scene14.swift in Sources */,
				69C55002291A0C5A00E1CEF7 /* SceneDelegate.swift in Sources */,
				98F8DF35293B9AA700F8D70E /* MalinKundang_AlternateScene15.swift in Sources */,
				A07F796D2937C621003954F0 /* MalinKundang_Scene16.swift in Sources */,
				A01B3DB5293B8DA500BBDE24 /* Model_DataCaraousel.swift in Sources */,
				98F8DEDD292C7BDF00F8D70E /* MalinKundang_Scene4.swift in Sources */,
				98F8DF88293D425600F8D70E /* MalinKundang_EndingStory.swift in Sources */,
			);
			runOnlyForDeploymentPostprocessing = 0;
		};
/* End PBXSourcesBuildPhase section */

/* Begin PBXVariantGroup section */
		69C55005291A0C5A00E1CEF7 /* Main.storyboard */ = {
			isa = PBXVariantGroup;
			children = (
				69C55006291A0C5A00E1CEF7 /* Base */,
			);
			name = Main.storyboard;
			sourceTree = "<group>";
		};
		69C5500A291A0C5D00E1CEF7 /* LaunchScreen.storyboard */ = {
			isa = PBXVariantGroup;
			children = (
				69C5500B291A0C5D00E1CEF7 /* Base */,
			);
			name = LaunchScreen.storyboard;
			sourceTree = "<group>";
		};
/* End PBXVariantGroup section */

/* Begin XCBuildConfiguration section */
		69C5500E291A0C5D00E1CEF7 /* Debug */ = {
			isa = XCBuildConfiguration;
			buildSettings = {
				ALWAYS_SEARCH_USER_PATHS = NO;
				CLANG_ANALYZER_NONNULL = YES;
				CLANG_ANALYZER_NUMBER_OBJECT_CONVERSION = YES_AGGRESSIVE;
				CLANG_CXX_LANGUAGE_STANDARD = "gnu++17";
				CLANG_ENABLE_MODULES = YES;
				CLANG_ENABLE_OBJC_ARC = YES;
				CLANG_ENABLE_OBJC_WEAK = YES;
				CLANG_WARN_BLOCK_CAPTURE_AUTORELEASING = YES;
				CLANG_WARN_BOOL_CONVERSION = YES;
				CLANG_WARN_COMMA = YES;
				CLANG_WARN_CONSTANT_CONVERSION = YES;
				CLANG_WARN_DEPRECATED_OBJC_IMPLEMENTATIONS = YES;
				CLANG_WARN_DIRECT_OBJC_ISA_USAGE = YES_ERROR;
				CLANG_WARN_DOCUMENTATION_COMMENTS = YES;
				CLANG_WARN_EMPTY_BODY = YES;
				CLANG_WARN_ENUM_CONVERSION = YES;
				CLANG_WARN_INFINITE_RECURSION = YES;
				CLANG_WARN_INT_CONVERSION = YES;
				CLANG_WARN_NON_LITERAL_NULL_CONVERSION = YES;
				CLANG_WARN_OBJC_IMPLICIT_RETAIN_SELF = YES;
				CLANG_WARN_OBJC_LITERAL_CONVERSION = YES;
				CLANG_WARN_OBJC_ROOT_CLASS = YES_ERROR;
				CLANG_WARN_QUOTED_INCLUDE_IN_FRAMEWORK_HEADER = YES;
				CLANG_WARN_RANGE_LOOP_ANALYSIS = YES;
				CLANG_WARN_STRICT_PROTOTYPES = YES;
				CLANG_WARN_SUSPICIOUS_MOVE = YES;
				CLANG_WARN_UNGUARDED_AVAILABILITY = YES_AGGRESSIVE;
				CLANG_WARN_UNREACHABLE_CODE = YES;
				CLANG_WARN__DUPLICATE_METHOD_MATCH = YES;
				COPY_PHASE_STRIP = NO;
				DEBUG_INFORMATION_FORMAT = dwarf;
				ENABLE_STRICT_OBJC_MSGSEND = YES;
				ENABLE_TESTABILITY = YES;
				GCC_C_LANGUAGE_STANDARD = gnu11;
				GCC_DYNAMIC_NO_PIC = NO;
				GCC_NO_COMMON_BLOCKS = YES;
				GCC_OPTIMIZATION_LEVEL = 0;
				GCC_PREPROCESSOR_DEFINITIONS = (
					"DEBUG=1",
					"$(inherited)",
				);
				GCC_WARN_64_TO_32_BIT_CONVERSION = YES;
				GCC_WARN_ABOUT_RETURN_TYPE = YES_ERROR;
				GCC_WARN_UNDECLARED_SELECTOR = YES;
				GCC_WARN_UNINITIALIZED_AUTOS = YES_AGGRESSIVE;
				GCC_WARN_UNUSED_FUNCTION = YES;
				GCC_WARN_UNUSED_VARIABLE = YES;
				IPHONEOS_DEPLOYMENT_TARGET = 15.4;
				MTL_ENABLE_DEBUG_INFO = INCLUDE_SOURCE;
				MTL_FAST_MATH = YES;
				ONLY_ACTIVE_ARCH = YES;
				SDKROOT = iphoneos;
				SWIFT_ACTIVE_COMPILATION_CONDITIONS = DEBUG;
				SWIFT_OPTIMIZATION_LEVEL = "-Onone";
			};
			name = Debug;
		};
		69C5500F291A0C5D00E1CEF7 /* Release */ = {
			isa = XCBuildConfiguration;
			buildSettings = {
				ALWAYS_SEARCH_USER_PATHS = NO;
				CLANG_ANALYZER_NONNULL = YES;
				CLANG_ANALYZER_NUMBER_OBJECT_CONVERSION = YES_AGGRESSIVE;
				CLANG_CXX_LANGUAGE_STANDARD = "gnu++17";
				CLANG_ENABLE_MODULES = YES;
				CLANG_ENABLE_OBJC_ARC = YES;
				CLANG_ENABLE_OBJC_WEAK = YES;
				CLANG_WARN_BLOCK_CAPTURE_AUTORELEASING = YES;
				CLANG_WARN_BOOL_CONVERSION = YES;
				CLANG_WARN_COMMA = YES;
				CLANG_WARN_CONSTANT_CONVERSION = YES;
				CLANG_WARN_DEPRECATED_OBJC_IMPLEMENTATIONS = YES;
				CLANG_WARN_DIRECT_OBJC_ISA_USAGE = YES_ERROR;
				CLANG_WARN_DOCUMENTATION_COMMENTS = YES;
				CLANG_WARN_EMPTY_BODY = YES;
				CLANG_WARN_ENUM_CONVERSION = YES;
				CLANG_WARN_INFINITE_RECURSION = YES;
				CLANG_WARN_INT_CONVERSION = YES;
				CLANG_WARN_NON_LITERAL_NULL_CONVERSION = YES;
				CLANG_WARN_OBJC_IMPLICIT_RETAIN_SELF = YES;
				CLANG_WARN_OBJC_LITERAL_CONVERSION = YES;
				CLANG_WARN_OBJC_ROOT_CLASS = YES_ERROR;
				CLANG_WARN_QUOTED_INCLUDE_IN_FRAMEWORK_HEADER = YES;
				CLANG_WARN_RANGE_LOOP_ANALYSIS = YES;
				CLANG_WARN_STRICT_PROTOTYPES = YES;
				CLANG_WARN_SUSPICIOUS_MOVE = YES;
				CLANG_WARN_UNGUARDED_AVAILABILITY = YES_AGGRESSIVE;
				CLANG_WARN_UNREACHABLE_CODE = YES;
				CLANG_WARN__DUPLICATE_METHOD_MATCH = YES;
				COPY_PHASE_STRIP = NO;
				DEBUG_INFORMATION_FORMAT = "dwarf-with-dsym";
				ENABLE_NS_ASSERTIONS = NO;
				ENABLE_STRICT_OBJC_MSGSEND = YES;
				GCC_C_LANGUAGE_STANDARD = gnu11;
				GCC_NO_COMMON_BLOCKS = YES;
				GCC_WARN_64_TO_32_BIT_CONVERSION = YES;
				GCC_WARN_ABOUT_RETURN_TYPE = YES_ERROR;
				GCC_WARN_UNDECLARED_SELECTOR = YES;
				GCC_WARN_UNINITIALIZED_AUTOS = YES_AGGRESSIVE;
				GCC_WARN_UNUSED_FUNCTION = YES;
				GCC_WARN_UNUSED_VARIABLE = YES;
				IPHONEOS_DEPLOYMENT_TARGET = 15.4;
				MTL_ENABLE_DEBUG_INFO = NO;
				MTL_FAST_MATH = YES;
				SDKROOT = iphoneos;
				SWIFT_COMPILATION_MODE = wholemodule;
				SWIFT_OPTIMIZATION_LEVEL = "-O";
				VALIDATE_PRODUCT = YES;
			};
			name = Release;
		};
		69C55011291A0C5D00E1CEF7 /* Debug */ = {
			isa = XCBuildConfiguration;
			buildSettings = {
				ASSETCATALOG_COMPILER_APPICON_NAME = AppIcon;
				ASSETCATALOG_COMPILER_GLOBAL_ACCENT_COLOR_NAME = AccentColor;
				CODE_SIGN_STYLE = Automatic;
				CURRENT_PROJECT_VERSION = 1;
				DEVELOPMENT_TEAM = 497V89NCL4;
				GENERATE_INFOPLIST_FILE = YES;
				INFOPLIST_FILE = Folka/Info.plist;
				INFOPLIST_KEY_UIApplicationSupportsIndirectInputEvents = YES;
				INFOPLIST_KEY_UILaunchStoryboardName = LaunchScreen;
				INFOPLIST_KEY_UIMainStoryboardFile = Main;
				INFOPLIST_KEY_UISupportedInterfaceOrientations = "UIInterfaceOrientationLandscapeLeft UIInterfaceOrientationLandscapeRight";
				INFOPLIST_KEY_UISupportedInterfaceOrientations_iPad = "UIInterfaceOrientationLandscapeLeft UIInterfaceOrientationLandscapeRight UIInterfaceOrientationPortrait UIInterfaceOrientationPortraitUpsideDown";
				LD_RUNPATH_SEARCH_PATHS = (
					"$(inherited)",
					"@executable_path/Frameworks",
				);
				MARKETING_VERSION = 0.3.0;
				PRODUCT_BUNDLE_IDENTIFIER = id.infinitelearning.Folka;
				PRODUCT_NAME = "$(TARGET_NAME)";
				SUPPORTED_PLATFORMS = "iphoneos iphonesimulator";
				SUPPORTS_MACCATALYST = NO;
				SUPPORTS_MAC_DESIGNED_FOR_IPHONE_IPAD = YES;
				SWIFT_EMIT_LOC_STRINGS = YES;
				SWIFT_VERSION = 5.0;
				TARGETED_DEVICE_FAMILY = 1;
			};
			name = Debug;
		};
		69C55012291A0C5D00E1CEF7 /* Release */ = {
			isa = XCBuildConfiguration;
			buildSettings = {
				ASSETCATALOG_COMPILER_APPICON_NAME = AppIcon;
				ASSETCATALOG_COMPILER_GLOBAL_ACCENT_COLOR_NAME = AccentColor;
				CODE_SIGN_STYLE = Automatic;
				CURRENT_PROJECT_VERSION = 1;
				DEVELOPMENT_TEAM = 497V89NCL4;
				GENERATE_INFOPLIST_FILE = YES;
				INFOPLIST_FILE = Folka/Info.plist;
				INFOPLIST_KEY_UIApplicationSupportsIndirectInputEvents = YES;
				INFOPLIST_KEY_UILaunchStoryboardName = LaunchScreen;
				INFOPLIST_KEY_UIMainStoryboardFile = Main;
				INFOPLIST_KEY_UISupportedInterfaceOrientations = "UIInterfaceOrientationLandscapeLeft UIInterfaceOrientationLandscapeRight";
				INFOPLIST_KEY_UISupportedInterfaceOrientations_iPad = "UIInterfaceOrientationLandscapeLeft UIInterfaceOrientationLandscapeRight UIInterfaceOrientationPortrait UIInterfaceOrientationPortraitUpsideDown";
				LD_RUNPATH_SEARCH_PATHS = (
					"$(inherited)",
					"@executable_path/Frameworks",
				);
				MARKETING_VERSION = 0.3.0;
				PRODUCT_BUNDLE_IDENTIFIER = id.infinitelearning.Folka;
				PRODUCT_NAME = "$(TARGET_NAME)";
				SUPPORTED_PLATFORMS = "iphoneos iphonesimulator";
				SUPPORTS_MACCATALYST = NO;
				SUPPORTS_MAC_DESIGNED_FOR_IPHONE_IPAD = YES;
				SWIFT_EMIT_LOC_STRINGS = YES;
				SWIFT_VERSION = 5.0;
				TARGETED_DEVICE_FAMILY = 1;
			};
			name = Release;
		};
/* End XCBuildConfiguration section */

/* Begin XCConfigurationList section */
		69C54FF7291A0C5A00E1CEF7 /* Build configuration list for PBXProject "Folka" */ = {
			isa = XCConfigurationList;
			buildConfigurations = (
				69C5500E291A0C5D00E1CEF7 /* Debug */,
				69C5500F291A0C5D00E1CEF7 /* Release */,
			);
			defaultConfigurationIsVisible = 0;
			defaultConfigurationName = Release;
		};
		69C55010291A0C5D00E1CEF7 /* Build configuration list for PBXNativeTarget "Folka" */ = {
			isa = XCConfigurationList;
			buildConfigurations = (
				69C55011291A0C5D00E1CEF7 /* Debug */,
				69C55012291A0C5D00E1CEF7 /* Release */,
			);
			defaultConfigurationIsVisible = 0;
			defaultConfigurationName = Release;
		};
/* End XCConfigurationList section */
	};
	rootObject = 69C54FF4291A0C5A00E1CEF7 /* Project object */;
}
